// !$*UTF8*$!
{
	archiveVersion = 1;
	classes = {
	};
	objectVersion = 55;
	objects = {

/* Begin PBXBuildFile section */
		38106AA0286C62BB00B5794A /* SHSellerProductResponse.swift in Sources */ = {isa = PBXBuildFile; fileRef = 38106A9F286C62BB00B5794A /* SHSellerProductResponse.swift */; };
		38106AA2286C633200B5794A /* SHCategoryResponse.swift in Sources */ = {isa = PBXBuildFile; fileRef = 38106AA1286C633200B5794A /* SHCategoryResponse.swift */; };
		382F59622860B00E009F0BB5 /* OffererViewController.swift in Sources */ = {isa = PBXBuildFile; fileRef = 382F59612860B00E009F0BB5 /* OffererViewController.swift */; };
		382F59652860CEED009F0BB5 /* OffererDetailCell.swift in Sources */ = {isa = PBXBuildFile; fileRef = 382F59642860CEED009F0BB5 /* OffererDetailCell.swift */; };
		382F59672860CF04009F0BB5 /* OffererProductCell.swift in Sources */ = {isa = PBXBuildFile; fileRef = 382F59662860CF04009F0BB5 /* OffererProductCell.swift */; };
		383095DD28646FD300EDFDAB /* RenewTransactionStatusViewController.swift in Sources */ = {isa = PBXBuildFile; fileRef = 383095DC28646FD300EDFDAB /* RenewTransactionStatusViewController.swift */; };
		383095E02864A7EC00EDFDAB /* TransactionStatusCell.swift in Sources */ = {isa = PBXBuildFile; fileRef = 383095DF2864A7EC00EDFDAB /* TransactionStatusCell.swift */; };
		38349B76287A7EDF001E98F0 /* HomeSearchResultCell.swift in Sources */ = {isa = PBXBuildFile; fileRef = 38349B75287A7EDF001E98F0 /* HomeSearchResultCell.swift */; };
		384AE52D2883E6CD0018F132 /* NotificationDetailViewController.swift in Sources */ = {isa = PBXBuildFile; fileRef = 384AE52C2883E6CD0018F132 /* NotificationDetailViewController.swift */; };
		384AE52F2884490C0018F132 /* SHBannerResponse.swift in Sources */ = {isa = PBXBuildFile; fileRef = 384AE52E2884490C0018F132 /* SHBannerResponse.swift */; };
		384AE53128844E3E0018F132 /* BannerCollectionCell.swift in Sources */ = {isa = PBXBuildFile; fileRef = 384AE53028844E3E0018F132 /* BannerCollectionCell.swift */; };
		384B04EA2862278A00949209 /* SHPopupView.swift in Sources */ = {isa = PBXBuildFile; fileRef = 384B04E92862278A00949209 /* SHPopupView.swift */; };
		384B04ED2862427500949209 /* AcceptedOfferViewController.swift in Sources */ = {isa = PBXBuildFile; fileRef = 384B04EC2862427500949209 /* AcceptedOfferViewController.swift */; };
		3858177A286D802400748254 /* SHBuyerProductResponse.swift in Sources */ = {isa = PBXBuildFile; fileRef = 38581779286D802400748254 /* SHBuyerProductResponse.swift */; };
		3858177C286D809100748254 /* SHUserResponse.swift in Sources */ = {isa = PBXBuildFile; fileRef = 3858177B286D809100748254 /* SHUserResponse.swift */; };
		3858177E286D82F400748254 /* Int+Extension.swift in Sources */ = {isa = PBXBuildFile; fileRef = 3858177D286D82F400748254 /* Int+Extension.swift */; };
		3858BC93288466AE009EB472 /* ColorKit in Frameworks */ = {isa = PBXBuildFile; productRef = 3858BC92288466AE009EB472 /* ColorKit */; };
		3858BC9528850FF4009EB472 /* NotificationDetailCell.swift in Sources */ = {isa = PBXBuildFile; fileRef = 3858BC9428850FF4009EB472 /* NotificationDetailCell.swift */; };
		385D0F67288934870001D602 /* SHBlurLoadingView.swift in Sources */ = {isa = PBXBuildFile; fileRef = 385D0F66288934870001D602 /* SHBlurLoadingView.swift */; };
		38822BC1286AED53006B2C6C /* SecondHandAPI.swift in Sources */ = {isa = PBXBuildFile; fileRef = 38822BC0286AED53006B2C6C /* SecondHandAPI.swift */; };
		38822BC4286B3282006B2C6C /* SHNotificationResponse.swift in Sources */ = {isa = PBXBuildFile; fileRef = 38822BC3286B3282006B2C6C /* SHNotificationResponse.swift */; };
		388D2588288C672600425DF5 /* HomeNewProductCell.swift in Sources */ = {isa = PBXBuildFile; fileRef = 388D2587288C672600425DF5 /* HomeNewProductCell.swift */; };
		3893251D287DC14600151410 /* SettingsViewController.swift in Sources */ = {isa = PBXBuildFile; fileRef = 3893251C287DC14600151410 /* SettingsViewController.swift */; };
		38940C6C2859EAD7000DD541 /* HomeViewController.swift in Sources */ = {isa = PBXBuildFile; fileRef = 38940C6B2859EAD7000DD541 /* HomeViewController.swift */; };
		38940C6E2859EB08000DD541 /* HomeHeaderCell.swift in Sources */ = {isa = PBXBuildFile; fileRef = 38940C6D2859EB08000DD541 /* HomeHeaderCell.swift */; };
		38940C702859EB2F000DD541 /* CategorySelectorCollectionCell.swift in Sources */ = {isa = PBXBuildFile; fileRef = 38940C6F2859EB2F000DD541 /* CategorySelectorCollectionCell.swift */; };
		38940C722859EB44000DD541 /* HomeProductCell.swift in Sources */ = {isa = PBXBuildFile; fileRef = 38940C712859EB44000DD541 /* HomeProductCell.swift */; };
		38940C742859EB5B000DD541 /* HomeProductCollectionCell.swift in Sources */ = {isa = PBXBuildFile; fileRef = 38940C732859EB5B000DD541 /* HomeProductCollectionCell.swift */; };
		38940C762859EB79000DD541 /* UICollectionView+Extension.swift in Sources */ = {isa = PBXBuildFile; fileRef = 38940C752859EB79000DD541 /* UICollectionView+Extension.swift */; };
		3895B759285B617100202609 /* UINavigationBar+Extension.swift in Sources */ = {isa = PBXBuildFile; fileRef = 3895B758285B617100202609 /* UINavigationBar+Extension.swift */; };
		3895B75C285B6FEA00202609 /* NotificationCell.swift in Sources */ = {isa = PBXBuildFile; fileRef = 3895B75B285B6FEA00202609 /* NotificationCell.swift */; };
		38AB06D628588CB60006342E /* UIColor+Extension.swift in Sources */ = {isa = PBXBuildFile; fileRef = 38AB06D528588CB60006342E /* UIColor+Extension.swift */; };
		38AB06DC28588D030006342E /* Poppins-Regular.ttf in Resources */ = {isa = PBXBuildFile; fileRef = 38AB06D828588D030006342E /* Poppins-Regular.ttf */; };
		38AB06DD28588D030006342E /* Poppins-Bold.ttf in Resources */ = {isa = PBXBuildFile; fileRef = 38AB06D928588D030006342E /* Poppins-Bold.ttf */; };
		38AB06DE28588D030006342E /* Poppins-Light.ttf in Resources */ = {isa = PBXBuildFile; fileRef = 38AB06DA28588D030006342E /* Poppins-Light.ttf */; };
		38AB06DF28588D030006342E /* Poppins-SemiBold.ttf in Resources */ = {isa = PBXBuildFile; fileRef = 38AB06DB28588D030006342E /* Poppins-SemiBold.ttf */; };
		38AB06E128588D5D0006342E /* SHButton.swift in Sources */ = {isa = PBXBuildFile; fileRef = 38AB06E028588D5D0006342E /* SHButton.swift */; };
		38B758F9288056B6007D09B3 /* SHSellerOrderResponse.swift in Sources */ = {isa = PBXBuildFile; fileRef = 38B758F8288056B6007D09B3 /* SHSellerOrderResponse.swift */; };
		38BC0E8E28597E3400AB4281 /* UILabel+Extension.swift in Sources */ = {isa = PBXBuildFile; fileRef = 38BC0E8D28597E3400AB4281 /* UILabel+Extension.swift */; };
		38BC0E9028597E4D00AB4281 /* Poppins-Medium.ttf in Resources */ = {isa = PBXBuildFile; fileRef = 38BC0E8F28597E4D00AB4281 /* Poppins-Medium.ttf */; };
		38D0CC3728634BF300561C17 /* SHModalViewController.swift in Sources */ = {isa = PBXBuildFile; fileRef = 38D0CC3628634BF300561C17 /* SHModalViewController.swift */; };
		38D935882886F515008C73E2 /* AccountDetailViewController.swift in Sources */ = {isa = PBXBuildFile; fileRef = 38D935872886F515008C73E2 /* AccountDetailViewController.swift */; };
		6E78118228522ED600104FE1 /* AppDelegate.swift in Sources */ = {isa = PBXBuildFile; fileRef = 6E78118128522ED600104FE1 /* AppDelegate.swift */; };
		6E78118428522ED600104FE1 /* SceneDelegate.swift in Sources */ = {isa = PBXBuildFile; fileRef = 6E78118328522ED600104FE1 /* SceneDelegate.swift */; };
		6E78118C28522ED600104FE1 /* SecondHand.xcdatamodeld in Sources */ = {isa = PBXBuildFile; fileRef = 6E78118A28522ED600104FE1 /* SecondHand.xcdatamodeld */; };
		6E78118E28522ED900104FE1 /* Assets.xcassets in Resources */ = {isa = PBXBuildFile; fileRef = 6E78118D28522ED900104FE1 /* Assets.xcassets */; };
		6E78119128522ED900104FE1 /* LaunchScreen.storyboard in Resources */ = {isa = PBXBuildFile; fileRef = 6E78118F28522ED900104FE1 /* LaunchScreen.storyboard */; };
		6EAAC82228622226008AC66E /* AccountTableViewController.swift in Sources */ = {isa = PBXBuildFile; fileRef = 6EAAC82128622226008AC66E /* AccountTableViewController.swift */; };
		7B79A3FC2881A21F009D8509 /* SHBuyerOrderResponse.swift in Sources */ = {isa = PBXBuildFile; fileRef = 7B79A3FB2881A21F009D8509 /* SHBuyerOrderResponse.swift */; };
		7B878B762875CF9800748772 /* CompleteAccountViewController.swift in Sources */ = {isa = PBXBuildFile; fileRef = 7B878B752875CF9800748772 /* CompleteAccountViewController.swift */; };
		7B878B782875CFB800748772 /* SHLabelView.swift in Sources */ = {isa = PBXBuildFile; fileRef = 7B878B772875CFB800748772 /* SHLabelView.swift */; };
		7B878B7A2875D03E00748772 /* DetailProductViewController.swift in Sources */ = {isa = PBXBuildFile; fileRef = 7B878B792875D03E00748772 /* DetailProductViewController.swift */; };
		7B878B7C2875D0A000748772 /* SHDropDownTextField.swift in Sources */ = {isa = PBXBuildFile; fileRef = 7B878B7B2875D0A000748772 /* SHDropDownTextField.swift */; };
		7B878B7E2875D16D00748772 /* IndonesiaCityList.swift in Sources */ = {isa = PBXBuildFile; fileRef = 7B878B7D2875D16D00748772 /* IndonesiaCityList.swift */; };
		7B878B802875D1EB00748772 /* BuyerSixViewController.swift in Sources */ = {isa = PBXBuildFile; fileRef = 7B878B7F2875D1EB00748772 /* BuyerSixViewController.swift */; };
		7B878B822875D21B00748772 /* BuyerTenViewController.swift in Sources */ = {isa = PBXBuildFile; fileRef = 7B878B812875D21B00748772 /* BuyerTenViewController.swift */; };
		7B878B88287C44E400748772 /* SellerPreviewViewController.swift in Sources */ = {isa = PBXBuildFile; fileRef = 7B878B87287C44E400748772 /* SellerPreviewViewController.swift */; };
		7BA1F24E28884C20009858ED /* ListSellingViewController.swift in Sources */ = {isa = PBXBuildFile; fileRef = 7BA1F24D28884C20009858ED /* ListSellingViewController.swift */; };
		7BA1F25028885E47009858ED /* SellerCardTableViewCell.swift in Sources */ = {isa = PBXBuildFile; fileRef = 7BA1F24F28885E47009858ED /* SellerCardTableViewCell.swift */; };
		7BCE01AC285A4E2400FF94BA /* SHLongTextField.swift in Sources */ = {isa = PBXBuildFile; fileRef = 7BCE01AB285A4E2400FF94BA /* SHLongTextField.swift */; };
		7BCE01B1285B614300FF94BA /* SHCustomTextFieldForm.swift in Sources */ = {isa = PBXBuildFile; fileRef = 7BCE01B0285B614300FF94BA /* SHCustomTextFieldForm.swift */; };
		7BCE01B3285C188400FF94BA /* UIImageView+Extensions.swift in Sources */ = {isa = PBXBuildFile; fileRef = 7BCE01B2285C188400FF94BA /* UIImageView+Extensions.swift */; };
		7BEA55FB2888788500D4B441 /* MyProductTableViewCell.swift in Sources */ = {isa = PBXBuildFile; fileRef = 7BEA55FA2888788500D4B441 /* MyProductTableViewCell.swift */; };
		7BEA55FE28887DF400D4B441 /* ListCategoryViewCell.swift in Sources */ = {isa = PBXBuildFile; fileRef = 7BEA55FD28887DF400D4B441 /* ListCategoryViewCell.swift */; };
		7BEA560028887F1400D4B441 /* ListProductViewCell.swift in Sources */ = {isa = PBXBuildFile; fileRef = 7BEA55FF28887F1400D4B441 /* ListProductViewCell.swift */; };
		7BEA56022889392600D4B441 /* ListProductDashedCell.swift in Sources */ = {isa = PBXBuildFile; fileRef = 7BEA56012889392600D4B441 /* ListProductDashedCell.swift */; };
		9AD938D885CB627C54448F68 /* Pods_SecondHand.framework in Frameworks */ = {isa = PBXBuildFile; fileRef = 6E6642DF405F8EE968D8AF9D /* Pods_SecondHand.framework */; };
		E90C4BAF2869FB7D00C64528 /* ProductListViewController.swift in Sources */ = {isa = PBXBuildFile; fileRef = E90C4BAE2869FB7D00C64528 /* ProductListViewController.swift */; };
		E90C4BB12869FB9200C64528 /* RecomendationListViewController.swift in Sources */ = {isa = PBXBuildFile; fileRef = E90C4BB02869FB9200C64528 /* RecomendationListViewController.swift */; };
		E90C4BB42869FBBD00C64528 /* SellingListPageViewController.swift in Sources */ = {isa = PBXBuildFile; fileRef = E90C4BB32869FBBD00C64528 /* SellingListPageViewController.swift */; };
		E90C4BB62869FBCB00C64528 /* SoldOutListViewController.swift in Sources */ = {isa = PBXBuildFile; fileRef = E90C4BB52869FBCB00C64528 /* SoldOutListViewController.swift */; };
		E95E27212859AEE30090A5CC /* SHTextfield.swift in Sources */ = {isa = PBXBuildFile; fileRef = E95E27202859AEE30090A5CC /* SHTextfield.swift */; };
		E95E27232859B01C0090A5CC /* UIView+Extensions.swift in Sources */ = {isa = PBXBuildFile; fileRef = E95E27222859B01C0090A5CC /* UIView+Extensions.swift */; };
		E9B46FC4285A1B5E008F0615 /* MainTabBarController.swift in Sources */ = {isa = PBXBuildFile; fileRef = E9B46FC3285A1B5E008F0615 /* MainTabBarController.swift */; };
		E9B46FCA285A1C23008F0615 /* NotificationViewController.swift in Sources */ = {isa = PBXBuildFile; fileRef = E9B46FC9285A1C23008F0615 /* NotificationViewController.swift */; };
		E9B46FCC285A1C35008F0615 /* SellingViewController.swift in Sources */ = {isa = PBXBuildFile; fileRef = E9B46FCB285A1C35008F0615 /* SellingViewController.swift */; };
		E9B46FD4285A3354008F0615 /* String+Extensions.swift in Sources */ = {isa = PBXBuildFile; fileRef = E9B46FD3285A3354008F0615 /* String+Extensions.swift */; };
		E9C1F3362858AC3900489969 /* SignInViewController.swift in Sources */ = {isa = PBXBuildFile; fileRef = E9C1F3352858AC3900489969 /* SignInViewController.swift */; };
		E9C1F3392858AC4C00489969 /* SignUpViewController.swift in Sources */ = {isa = PBXBuildFile; fileRef = E9C1F3382858AC4C00489969 /* SignUpViewController.swift */; };
/* End PBXBuildFile section */

/* Begin PBXFileReference section */
		18BE0F8D8F7C3A6E72921B31 /* Pods-SecondHand.debug.xcconfig */ = {isa = PBXFileReference; includeInIndex = 1; lastKnownFileType = text.xcconfig; name = "Pods-SecondHand.debug.xcconfig"; path = "Target Support Files/Pods-SecondHand/Pods-SecondHand.debug.xcconfig"; sourceTree = "<group>"; };
		38106A9F286C62BB00B5794A /* SHSellerProductResponse.swift */ = {isa = PBXFileReference; lastKnownFileType = sourcecode.swift; path = SHSellerProductResponse.swift; sourceTree = "<group>"; };
		38106AA1286C633200B5794A /* SHCategoryResponse.swift */ = {isa = PBXFileReference; lastKnownFileType = sourcecode.swift; path = SHCategoryResponse.swift; sourceTree = "<group>"; };
		382F59612860B00E009F0BB5 /* OffererViewController.swift */ = {isa = PBXFileReference; lastKnownFileType = sourcecode.swift; path = OffererViewController.swift; sourceTree = "<group>"; };
		382F59642860CEED009F0BB5 /* OffererDetailCell.swift */ = {isa = PBXFileReference; lastKnownFileType = sourcecode.swift; path = OffererDetailCell.swift; sourceTree = "<group>"; };
		382F59662860CF04009F0BB5 /* OffererProductCell.swift */ = {isa = PBXFileReference; lastKnownFileType = sourcecode.swift; path = OffererProductCell.swift; sourceTree = "<group>"; };
		383095DC28646FD300EDFDAB /* RenewTransactionStatusViewController.swift */ = {isa = PBXFileReference; lastKnownFileType = sourcecode.swift; path = RenewTransactionStatusViewController.swift; sourceTree = "<group>"; };
		383095DF2864A7EC00EDFDAB /* TransactionStatusCell.swift */ = {isa = PBXFileReference; lastKnownFileType = sourcecode.swift; path = TransactionStatusCell.swift; sourceTree = "<group>"; };
		38349B75287A7EDF001E98F0 /* HomeSearchResultCell.swift */ = {isa = PBXFileReference; lastKnownFileType = sourcecode.swift; path = HomeSearchResultCell.swift; sourceTree = "<group>"; };
		384AE52C2883E6CD0018F132 /* NotificationDetailViewController.swift */ = {isa = PBXFileReference; lastKnownFileType = sourcecode.swift; path = NotificationDetailViewController.swift; sourceTree = "<group>"; };
		384AE52E2884490C0018F132 /* SHBannerResponse.swift */ = {isa = PBXFileReference; lastKnownFileType = sourcecode.swift; path = SHBannerResponse.swift; sourceTree = "<group>"; };
		384AE53028844E3E0018F132 /* BannerCollectionCell.swift */ = {isa = PBXFileReference; lastKnownFileType = sourcecode.swift; path = BannerCollectionCell.swift; sourceTree = "<group>"; };
		384B04E92862278A00949209 /* SHPopupView.swift */ = {isa = PBXFileReference; lastKnownFileType = sourcecode.swift; path = SHPopupView.swift; sourceTree = "<group>"; };
		384B04EC2862427500949209 /* AcceptedOfferViewController.swift */ = {isa = PBXFileReference; lastKnownFileType = sourcecode.swift; path = AcceptedOfferViewController.swift; sourceTree = "<group>"; };
		38581779286D802400748254 /* SHBuyerProductResponse.swift */ = {isa = PBXFileReference; lastKnownFileType = sourcecode.swift; path = SHBuyerProductResponse.swift; sourceTree = "<group>"; };
		3858177B286D809100748254 /* SHUserResponse.swift */ = {isa = PBXFileReference; lastKnownFileType = sourcecode.swift; path = SHUserResponse.swift; sourceTree = "<group>"; };
		3858177D286D82F400748254 /* Int+Extension.swift */ = {isa = PBXFileReference; lastKnownFileType = sourcecode.swift; path = "Int+Extension.swift"; sourceTree = "<group>"; };
		3858BC9428850FF4009EB472 /* NotificationDetailCell.swift */ = {isa = PBXFileReference; lastKnownFileType = sourcecode.swift; path = NotificationDetailCell.swift; sourceTree = "<group>"; };
		385D0F66288934870001D602 /* SHBlurLoadingView.swift */ = {isa = PBXFileReference; lastKnownFileType = sourcecode.swift; path = SHBlurLoadingView.swift; sourceTree = "<group>"; };
		38822BC0286AED53006B2C6C /* SecondHandAPI.swift */ = {isa = PBXFileReference; lastKnownFileType = sourcecode.swift; path = SecondHandAPI.swift; sourceTree = "<group>"; };
		38822BC3286B3282006B2C6C /* SHNotificationResponse.swift */ = {isa = PBXFileReference; lastKnownFileType = sourcecode.swift; path = SHNotificationResponse.swift; sourceTree = "<group>"; };
		388D2587288C672600425DF5 /* HomeNewProductCell.swift */ = {isa = PBXFileReference; lastKnownFileType = sourcecode.swift; path = HomeNewProductCell.swift; sourceTree = "<group>"; };
		3893251C287DC14600151410 /* SettingsViewController.swift */ = {isa = PBXFileReference; lastKnownFileType = sourcecode.swift; path = SettingsViewController.swift; sourceTree = "<group>"; };
		38940C6B2859EAD7000DD541 /* HomeViewController.swift */ = {isa = PBXFileReference; lastKnownFileType = sourcecode.swift; path = HomeViewController.swift; sourceTree = "<group>"; };
		38940C6D2859EB08000DD541 /* HomeHeaderCell.swift */ = {isa = PBXFileReference; lastKnownFileType = sourcecode.swift; path = HomeHeaderCell.swift; sourceTree = "<group>"; };
		38940C6F2859EB2F000DD541 /* CategorySelectorCollectionCell.swift */ = {isa = PBXFileReference; lastKnownFileType = sourcecode.swift; path = CategorySelectorCollectionCell.swift; sourceTree = "<group>"; };
		38940C712859EB44000DD541 /* HomeProductCell.swift */ = {isa = PBXFileReference; lastKnownFileType = sourcecode.swift; path = HomeProductCell.swift; sourceTree = "<group>"; };
		38940C732859EB5B000DD541 /* HomeProductCollectionCell.swift */ = {isa = PBXFileReference; lastKnownFileType = sourcecode.swift; path = HomeProductCollectionCell.swift; sourceTree = "<group>"; };
		38940C752859EB79000DD541 /* UICollectionView+Extension.swift */ = {isa = PBXFileReference; lastKnownFileType = sourcecode.swift; path = "UICollectionView+Extension.swift"; sourceTree = "<group>"; };
		3895B758285B617100202609 /* UINavigationBar+Extension.swift */ = {isa = PBXFileReference; lastKnownFileType = sourcecode.swift; path = "UINavigationBar+Extension.swift"; sourceTree = "<group>"; };
		3895B75B285B6FEA00202609 /* NotificationCell.swift */ = {isa = PBXFileReference; lastKnownFileType = sourcecode.swift; path = NotificationCell.swift; sourceTree = "<group>"; };
		38AB06D528588CB60006342E /* UIColor+Extension.swift */ = {isa = PBXFileReference; lastKnownFileType = sourcecode.swift; path = "UIColor+Extension.swift"; sourceTree = "<group>"; };
		38AB06D828588D030006342E /* Poppins-Regular.ttf */ = {isa = PBXFileReference; lastKnownFileType = file; path = "Poppins-Regular.ttf"; sourceTree = "<group>"; };
		38AB06D928588D030006342E /* Poppins-Bold.ttf */ = {isa = PBXFileReference; lastKnownFileType = file; path = "Poppins-Bold.ttf"; sourceTree = "<group>"; };
		38AB06DA28588D030006342E /* Poppins-Light.ttf */ = {isa = PBXFileReference; lastKnownFileType = file; path = "Poppins-Light.ttf"; sourceTree = "<group>"; };
		38AB06DB28588D030006342E /* Poppins-SemiBold.ttf */ = {isa = PBXFileReference; lastKnownFileType = file; path = "Poppins-SemiBold.ttf"; sourceTree = "<group>"; };
		38AB06E028588D5D0006342E /* SHButton.swift */ = {isa = PBXFileReference; lastKnownFileType = sourcecode.swift; path = SHButton.swift; sourceTree = "<group>"; };
		38B758F8288056B6007D09B3 /* SHSellerOrderResponse.swift */ = {isa = PBXFileReference; lastKnownFileType = sourcecode.swift; path = SHSellerOrderResponse.swift; sourceTree = "<group>"; };
		38BC0E8D28597E3400AB4281 /* UILabel+Extension.swift */ = {isa = PBXFileReference; lastKnownFileType = sourcecode.swift; path = "UILabel+Extension.swift"; sourceTree = "<group>"; };
		38BC0E8F28597E4D00AB4281 /* Poppins-Medium.ttf */ = {isa = PBXFileReference; lastKnownFileType = file; path = "Poppins-Medium.ttf"; sourceTree = "<group>"; };
		38D0CC3628634BF300561C17 /* SHModalViewController.swift */ = {isa = PBXFileReference; lastKnownFileType = sourcecode.swift; path = SHModalViewController.swift; sourceTree = "<group>"; };
		38D935872886F515008C73E2 /* AccountDetailViewController.swift */ = {isa = PBXFileReference; lastKnownFileType = sourcecode.swift; path = AccountDetailViewController.swift; sourceTree = "<group>"; };
		6B21B3F76C4D0FBF88141096 /* Pods-SecondHand.release.xcconfig */ = {isa = PBXFileReference; includeInIndex = 1; lastKnownFileType = text.xcconfig; name = "Pods-SecondHand.release.xcconfig"; path = "Target Support Files/Pods-SecondHand/Pods-SecondHand.release.xcconfig"; sourceTree = "<group>"; };
		6E6642DF405F8EE968D8AF9D /* Pods_SecondHand.framework */ = {isa = PBXFileReference; explicitFileType = wrapper.framework; includeInIndex = 0; path = Pods_SecondHand.framework; sourceTree = BUILT_PRODUCTS_DIR; };
		6E78117E28522ED600104FE1 /* SecondHand.app */ = {isa = PBXFileReference; explicitFileType = wrapper.application; includeInIndex = 0; path = SecondHand.app; sourceTree = BUILT_PRODUCTS_DIR; };
		6E78118128522ED600104FE1 /* AppDelegate.swift */ = {isa = PBXFileReference; lastKnownFileType = sourcecode.swift; path = AppDelegate.swift; sourceTree = "<group>"; };
		6E78118328522ED600104FE1 /* SceneDelegate.swift */ = {isa = PBXFileReference; lastKnownFileType = sourcecode.swift; path = SceneDelegate.swift; sourceTree = "<group>"; };
		6E78118B28522ED600104FE1 /* SecondHand.xcdatamodel */ = {isa = PBXFileReference; lastKnownFileType = wrapper.xcdatamodel; path = SecondHand.xcdatamodel; sourceTree = "<group>"; };
		6E78118D28522ED900104FE1 /* Assets.xcassets */ = {isa = PBXFileReference; lastKnownFileType = folder.assetcatalog; path = Assets.xcassets; sourceTree = "<group>"; };
		6E78119028522ED900104FE1 /* Base */ = {isa = PBXFileReference; lastKnownFileType = file.storyboard; name = Base; path = Base.lproj/LaunchScreen.storyboard; sourceTree = "<group>"; };
		6E78119228522ED900104FE1 /* Info.plist */ = {isa = PBXFileReference; lastKnownFileType = text.plist.xml; path = Info.plist; sourceTree = "<group>"; };
		6EAAC82128622226008AC66E /* AccountTableViewController.swift */ = {isa = PBXFileReference; lastKnownFileType = sourcecode.swift; path = AccountTableViewController.swift; sourceTree = "<group>"; };
		7B79A3FB2881A21F009D8509 /* SHBuyerOrderResponse.swift */ = {isa = PBXFileReference; lastKnownFileType = sourcecode.swift; path = SHBuyerOrderResponse.swift; sourceTree = "<group>"; };
		7B878B752875CF9800748772 /* CompleteAccountViewController.swift */ = {isa = PBXFileReference; lastKnownFileType = sourcecode.swift; path = CompleteAccountViewController.swift; sourceTree = "<group>"; };
		7B878B772875CFB800748772 /* SHLabelView.swift */ = {isa = PBXFileReference; lastKnownFileType = sourcecode.swift; path = SHLabelView.swift; sourceTree = "<group>"; };
		7B878B792875D03E00748772 /* DetailProductViewController.swift */ = {isa = PBXFileReference; lastKnownFileType = sourcecode.swift; path = DetailProductViewController.swift; sourceTree = "<group>"; };
		7B878B7B2875D0A000748772 /* SHDropDownTextField.swift */ = {isa = PBXFileReference; lastKnownFileType = sourcecode.swift; path = SHDropDownTextField.swift; sourceTree = "<group>"; };
		7B878B7D2875D16D00748772 /* IndonesiaCityList.swift */ = {isa = PBXFileReference; lastKnownFileType = sourcecode.swift; path = IndonesiaCityList.swift; sourceTree = "<group>"; };
		7B878B7F2875D1EB00748772 /* BuyerSixViewController.swift */ = {isa = PBXFileReference; lastKnownFileType = sourcecode.swift; path = BuyerSixViewController.swift; sourceTree = "<group>"; };
		7B878B812875D21B00748772 /* BuyerTenViewController.swift */ = {isa = PBXFileReference; lastKnownFileType = sourcecode.swift; path = BuyerTenViewController.swift; sourceTree = "<group>"; };
		7B878B87287C44E400748772 /* SellerPreviewViewController.swift */ = {isa = PBXFileReference; lastKnownFileType = sourcecode.swift; path = SellerPreviewViewController.swift; sourceTree = "<group>"; };
		7BA1F24D28884C20009858ED /* ListSellingViewController.swift */ = {isa = PBXFileReference; lastKnownFileType = sourcecode.swift; path = ListSellingViewController.swift; sourceTree = "<group>"; };
		7BA1F24F28885E47009858ED /* SellerCardTableViewCell.swift */ = {isa = PBXFileReference; lastKnownFileType = sourcecode.swift; path = SellerCardTableViewCell.swift; sourceTree = "<group>"; };
		7BCE01AB285A4E2400FF94BA /* SHLongTextField.swift */ = {isa = PBXFileReference; lastKnownFileType = sourcecode.swift; path = SHLongTextField.swift; sourceTree = "<group>"; };
		7BCE01B0285B614300FF94BA /* SHCustomTextFieldForm.swift */ = {isa = PBXFileReference; lastKnownFileType = sourcecode.swift; path = SHCustomTextFieldForm.swift; sourceTree = "<group>"; };
		7BCE01B2285C188400FF94BA /* UIImageView+Extensions.swift */ = {isa = PBXFileReference; lastKnownFileType = sourcecode.swift; path = "UIImageView+Extensions.swift"; sourceTree = "<group>"; };
		7BEA55FA2888788500D4B441 /* MyProductTableViewCell.swift */ = {isa = PBXFileReference; lastKnownFileType = sourcecode.swift; path = MyProductTableViewCell.swift; sourceTree = "<group>"; };
		7BEA55FD28887DF400D4B441 /* ListCategoryViewCell.swift */ = {isa = PBXFileReference; lastKnownFileType = sourcecode.swift; path = ListCategoryViewCell.swift; sourceTree = "<group>"; };
		7BEA55FF28887F1400D4B441 /* ListProductViewCell.swift */ = {isa = PBXFileReference; lastKnownFileType = sourcecode.swift; path = ListProductViewCell.swift; sourceTree = "<group>"; };
		7BEA56012889392600D4B441 /* ListProductDashedCell.swift */ = {isa = PBXFileReference; lastKnownFileType = sourcecode.swift; path = ListProductDashedCell.swift; sourceTree = "<group>"; };
		E90C4BAE2869FB7D00C64528 /* ProductListViewController.swift */ = {isa = PBXFileReference; lastKnownFileType = sourcecode.swift; path = ProductListViewController.swift; sourceTree = "<group>"; };
		E90C4BB02869FB9200C64528 /* RecomendationListViewController.swift */ = {isa = PBXFileReference; lastKnownFileType = sourcecode.swift; path = RecomendationListViewController.swift; sourceTree = "<group>"; };
		E90C4BB32869FBBD00C64528 /* SellingListPageViewController.swift */ = {isa = PBXFileReference; lastKnownFileType = sourcecode.swift; path = SellingListPageViewController.swift; sourceTree = "<group>"; };
		E90C4BB52869FBCB00C64528 /* SoldOutListViewController.swift */ = {isa = PBXFileReference; lastKnownFileType = sourcecode.swift; path = SoldOutListViewController.swift; sourceTree = "<group>"; };
		E95E27202859AEE30090A5CC /* SHTextfield.swift */ = {isa = PBXFileReference; lastKnownFileType = sourcecode.swift; path = SHTextfield.swift; sourceTree = "<group>"; };
		E95E27222859B01C0090A5CC /* UIView+Extensions.swift */ = {isa = PBXFileReference; lastKnownFileType = sourcecode.swift; path = "UIView+Extensions.swift"; sourceTree = "<group>"; };
		E9B46FC3285A1B5E008F0615 /* MainTabBarController.swift */ = {isa = PBXFileReference; lastKnownFileType = sourcecode.swift; path = MainTabBarController.swift; sourceTree = "<group>"; };
		E9B46FC9285A1C23008F0615 /* NotificationViewController.swift */ = {isa = PBXFileReference; lastKnownFileType = sourcecode.swift; path = NotificationViewController.swift; sourceTree = "<group>"; };
		E9B46FCB285A1C35008F0615 /* SellingViewController.swift */ = {isa = PBXFileReference; lastKnownFileType = sourcecode.swift; path = SellingViewController.swift; sourceTree = "<group>"; };
		E9B46FD3285A3354008F0615 /* String+Extensions.swift */ = {isa = PBXFileReference; lastKnownFileType = sourcecode.swift; path = "String+Extensions.swift"; sourceTree = "<group>"; };
		E9C1F3352858AC3900489969 /* SignInViewController.swift */ = {isa = PBXFileReference; lastKnownFileType = sourcecode.swift; path = SignInViewController.swift; sourceTree = "<group>"; };
		E9C1F3382858AC4C00489969 /* SignUpViewController.swift */ = {isa = PBXFileReference; lastKnownFileType = sourcecode.swift; path = SignUpViewController.swift; sourceTree = "<group>"; };
/* End PBXFileReference section */

/* Begin PBXFrameworksBuildPhase section */
		6E78117B28522ED600104FE1 /* Frameworks */ = {
			isa = PBXFrameworksBuildPhase;
			buildActionMask = 2147483647;
			files = (
				9AD938D885CB627C54448F68 /* Pods_SecondHand.framework in Frameworks */,
				3858BC93288466AE009EB472 /* ColorKit in Frameworks */,
			);
			runOnlyForDeploymentPostprocessing = 0;
		};
/* End PBXFrameworksBuildPhase section */

/* Begin PBXGroup section */
		382F59602860AFF6009F0BB5 /* Offerer */ = {
			isa = PBXGroup;
			children = (
				382F59632860CEDF009F0BB5 /* TableViewCell */,
				382F59612860B00E009F0BB5 /* OffererViewController.swift */,
			);
			path = Offerer;
			sourceTree = "<group>";
		};
		382F59632860CEDF009F0BB5 /* TableViewCell */ = {
			isa = PBXGroup;
			children = (
				382F59642860CEED009F0BB5 /* OffererDetailCell.swift */,
				382F59662860CF04009F0BB5 /* OffererProductCell.swift */,
			);
			path = TableViewCell;
			sourceTree = "<group>";
		};
		383095DB28646FA600EDFDAB /* RenewTransactionStatus */ = {
			isa = PBXGroup;
			children = (
				383095DE2864A7CA00EDFDAB /* TableViewCell */,
				383095DC28646FD300EDFDAB /* RenewTransactionStatusViewController.swift */,
			);
			path = RenewTransactionStatus;
			sourceTree = "<group>";
		};
		383095DE2864A7CA00EDFDAB /* TableViewCell */ = {
			isa = PBXGroup;
			children = (
				383095DF2864A7EC00EDFDAB /* TransactionStatusCell.swift */,
			);
			path = TableViewCell;
			sourceTree = "<group>";
		};
		384B04EB2862425300949209 /* AcceptedOffer */ = {
			isa = PBXGroup;
			children = (
				384B04EC2862427500949209 /* AcceptedOfferViewController.swift */,
			);
			path = AcceptedOffer;
			sourceTree = "<group>";
		};
		38822BBE286AED3D006B2C6C /* DataLayer */ = {
			isa = PBXGroup;
			children = (
				38822BBF286AED43006B2C6C /* SecondHandAPI */,
				7B878B7D2875D16D00748772 /* IndonesiaCityList.swift */,
			);
			path = DataLayer;
			sourceTree = "<group>";
		};
		38822BBF286AED43006B2C6C /* SecondHandAPI */ = {
			isa = PBXGroup;
			children = (
				38822BC2286B325B006B2C6C /* Entity */,
				38822BC0286AED53006B2C6C /* SecondHandAPI.swift */,
			);
			path = SecondHandAPI;
			sourceTree = "<group>";
		};
		38822BC2286B325B006B2C6C /* Entity */ = {
			isa = PBXGroup;
			children = (
				38822BC3286B3282006B2C6C /* SHNotificationResponse.swift */,
				38106A9F286C62BB00B5794A /* SHSellerProductResponse.swift */,
				38106AA1286C633200B5794A /* SHCategoryResponse.swift */,
				38581779286D802400748254 /* SHBuyerProductResponse.swift */,
				3858177B286D809100748254 /* SHUserResponse.swift */,
				38B758F8288056B6007D09B3 /* SHSellerOrderResponse.swift */,
				7B79A3FB2881A21F009D8509 /* SHBuyerOrderResponse.swift */,
				384AE52E2884490C0018F132 /* SHBannerResponse.swift */,
			);
			path = Entity;
			sourceTree = "<group>";
		};
		3893251B287DC13300151410 /* Settings */ = {
			isa = PBXGroup;
			children = (
				3893251C287DC14600151410 /* SettingsViewController.swift */,
			);
			path = Settings;
			sourceTree = "<group>";
		};
		38940C6A2859EAC9000DD541 /* Home */ = {
			isa = PBXGroup;
			children = (
				38940C6B2859EAD7000DD541 /* HomeViewController.swift */,
				38940C782859EC6D000DD541 /* CollectionViewCell */,
				38940C772859EC55000DD541 /* TableViewCell */,
			);
			path = Home;
			sourceTree = "<group>";
		};
		38940C772859EC55000DD541 /* TableViewCell */ = {
			isa = PBXGroup;
			children = (
				38940C712859EB44000DD541 /* HomeProductCell.swift */,
				38940C6D2859EB08000DD541 /* HomeHeaderCell.swift */,
				38349B75287A7EDF001E98F0 /* HomeSearchResultCell.swift */,
				388D2587288C672600425DF5 /* HomeNewProductCell.swift */,
			);
			path = TableViewCell;
			sourceTree = "<group>";
		};
		38940C782859EC6D000DD541 /* CollectionViewCell */ = {
			isa = PBXGroup;
			children = (
				38940C6F2859EB2F000DD541 /* CategorySelectorCollectionCell.swift */,
				38940C732859EB5B000DD541 /* HomeProductCollectionCell.swift */,
				384AE53028844E3E0018F132 /* BannerCollectionCell.swift */,
			);
			path = CollectionViewCell;
			sourceTree = "<group>";
		};
		3895B75A285B6FD200202609 /* NotificationCell */ = {
			isa = PBXGroup;
			children = (
				3895B75B285B6FEA00202609 /* NotificationCell.swift */,
				3858BC9428850FF4009EB472 /* NotificationDetailCell.swift */,
			);
			path = NotificationCell;
			sourceTree = "<group>";
		};
		38AB06D728588CEE0006342E /* Fonts */ = {
			isa = PBXGroup;
			children = (
				38AB06D928588D030006342E /* Poppins-Bold.ttf */,
				38AB06DA28588D030006342E /* Poppins-Light.ttf */,
				38AB06D828588D030006342E /* Poppins-Regular.ttf */,
				38AB06DB28588D030006342E /* Poppins-SemiBold.ttf */,
				38BC0E8F28597E4D00AB4281 /* Poppins-Medium.ttf */,
			);
			path = Fonts;
			sourceTree = "<group>";
		};
		38AB06E228588DEF0006342E /* Extensions */ = {
			isa = PBXGroup;
			children = (
				38AB06D528588CB60006342E /* UIColor+Extension.swift */,
				38BC0E8D28597E3400AB4281 /* UILabel+Extension.swift */,
				3895B758285B617100202609 /* UINavigationBar+Extension.swift */,
				E95E27222859B01C0090A5CC /* UIView+Extensions.swift */,
				38940C752859EB79000DD541 /* UICollectionView+Extension.swift */,
				E9B46FD3285A3354008F0615 /* String+Extensions.swift */,
				7BCE01B2285C188400FF94BA /* UIImageView+Extensions.swift */,
				3858177D286D82F400748254 /* Int+Extension.swift */,
			);
			path = Extensions;
			sourceTree = "<group>";
		};
		3BCA9521975E275CE94E0FC9 /* Frameworks */ = {
			isa = PBXGroup;
			children = (
				6E6642DF405F8EE968D8AF9D /* Pods_SecondHand.framework */,
			);
			name = Frameworks;
			sourceTree = "<group>";
		};
		55A081A1532451CD0971488B /* Pods */ = {
			isa = PBXGroup;
			children = (
				18BE0F8D8F7C3A6E72921B31 /* Pods-SecondHand.debug.xcconfig */,
				6B21B3F76C4D0FBF88141096 /* Pods-SecondHand.release.xcconfig */,
			);
			path = Pods;
			sourceTree = "<group>";
		};
		6E78117528522ED600104FE1 = {
			isa = PBXGroup;
			children = (
				6E78118028522ED600104FE1 /* SecondHand */,
				6E78117F28522ED600104FE1 /* Products */,
				55A081A1532451CD0971488B /* Pods */,
				3BCA9521975E275CE94E0FC9 /* Frameworks */,
			);
			sourceTree = "<group>";
		};
		6E78117F28522ED600104FE1 /* Products */ = {
			isa = PBXGroup;
			children = (
				6E78117E28522ED600104FE1 /* SecondHand.app */,
			);
			name = Products;
			sourceTree = "<group>";
		};
		6E78118028522ED600104FE1 /* SecondHand */ = {
			isa = PBXGroup;
			children = (
				38822BBE286AED3D006B2C6C /* DataLayer */,
				E9C1F3322858ABC700489969 /* Presentation */,
				E9C1F3312858ABC200489969 /* Data */,
				E9C1F3302858ABB300489969 /* App */,
				38AB06E228588DEF0006342E /* Extensions */,
				38AB06D728588CEE0006342E /* Fonts */,
				6E78118D28522ED900104FE1 /* Assets.xcassets */,
				6E78118F28522ED900104FE1 /* LaunchScreen.storyboard */,
				6E78119228522ED900104FE1 /* Info.plist */,
			);
			path = SecondHand;
			sourceTree = "<group>";
		};
		7BCE01AD285B5D3A00FF94BA /* Product Detail */ = {
			isa = PBXGroup;
			children = (
				7B878B792875D03E00748772 /* DetailProductViewController.swift */,
				7B878B7F2875D1EB00748772 /* BuyerSixViewController.swift */,
				7B878B812875D21B00748772 /* BuyerTenViewController.swift */,
				7B878B87287C44E400748772 /* SellerPreviewViewController.swift */,
			);
			path = "Product Detail";
			sourceTree = "<group>";
		};
		7BEA55F92888783400D4B441 /* ListSellingCell */ = {
			isa = PBXGroup;
			children = (
				7BEA55FC28887DBF00D4B441 /* ListSellingCollectionViewCell */,
				7BA1F24F28885E47009858ED /* SellerCardTableViewCell.swift */,
				7BEA55FA2888788500D4B441 /* MyProductTableViewCell.swift */,
			);
			path = ListSellingCell;
			sourceTree = "<group>";
		};
		7BEA55FC28887DBF00D4B441 /* ListSellingCollectionViewCell */ = {
			isa = PBXGroup;
			children = (
				7BEA55FD28887DF400D4B441 /* ListCategoryViewCell.swift */,
				7BEA55FF28887F1400D4B441 /* ListProductViewCell.swift */,
				7BEA56012889392600D4B441 /* ListProductDashedCell.swift */,
			);
			path = ListSellingCollectionViewCell;
			sourceTree = "<group>";
		};
		E90C4BAD2869FB3C00C64528 /* SellingList */ = {
			isa = PBXGroup;
			children = (
				7BEA55F92888783400D4B441 /* ListSellingCell */,
				E90C4BAE2869FB7D00C64528 /* ProductListViewController.swift */,
				E90C4BB02869FB9200C64528 /* RecomendationListViewController.swift */,
				E90C4BB32869FBBD00C64528 /* SellingListPageViewController.swift */,
				E90C4BB52869FBCB00C64528 /* SoldOutListViewController.swift */,
				7BA1F24D28884C20009858ED /* ListSellingViewController.swift */,
			);
			path = SellingList;
			sourceTree = "<group>";
		};
		E9B46FC0285A1A01008F0615 /* SignIn */ = {
			isa = PBXGroup;
			children = (
				E9C1F3352858AC3900489969 /* SignInViewController.swift */,
			);
			path = SignIn;
			sourceTree = "<group>";
		};
		E9B46FC1285A1A06008F0615 /* SignUp */ = {
			isa = PBXGroup;
			children = (
				E9C1F3382858AC4C00489969 /* SignUpViewController.swift */,
			);
			path = SignUp;
			sourceTree = "<group>";
		};
		E9B46FC2285A1AFD008F0615 /* TabBar */ = {
			isa = PBXGroup;
			children = (
				E9B46FC3285A1B5E008F0615 /* MainTabBarController.swift */,
			);
			path = TabBar;
			sourceTree = "<group>";
		};
		E9B46FC5285A1B8B008F0615 /* Notification */ = {
			isa = PBXGroup;
			children = (
				3895B75A285B6FD200202609 /* NotificationCell */,
				E9B46FC9285A1C23008F0615 /* NotificationViewController.swift */,
				384AE52C2883E6CD0018F132 /* NotificationDetailViewController.swift */,
			);
			path = Notification;
			sourceTree = "<group>";
		};
		E9B46FC6285A1BA9008F0615 /* Selling */ = {
			isa = PBXGroup;
			children = (
				E9B46FCB285A1C35008F0615 /* SellingViewController.swift */,
			);
			path = Selling;
			sourceTree = "<group>";
		};
		E9B46FC8285A1BDD008F0615 /* Account */ = {
			isa = PBXGroup;
			children = (
				6EAAC82128622226008AC66E /* AccountTableViewController.swift */,
				7B878B752875CF9800748772 /* CompleteAccountViewController.swift */,
				38D935872886F515008C73E2 /* AccountDetailViewController.swift */,
			);
			path = Account;
			sourceTree = "<group>";
		};
		E9C1F3302858ABB300489969 /* App */ = {
			isa = PBXGroup;
			children = (
				6E78118128522ED600104FE1 /* AppDelegate.swift */,
				6E78118328522ED600104FE1 /* SceneDelegate.swift */,
			);
			path = App;
			sourceTree = "<group>";
		};
		E9C1F3312858ABC200489969 /* Data */ = {
			isa = PBXGroup;
			children = (
				6E78118A28522ED600104FE1 /* SecondHand.xcdatamodeld */,
			);
			path = Data;
			sourceTree = "<group>";
		};
		E9C1F3322858ABC700489969 /* Presentation */ = {
			isa = PBXGroup;
			children = (
				3893251B287DC13300151410 /* Settings */,
				E90C4BAD2869FB3C00C64528 /* SellingList */,
				383095DB28646FA600EDFDAB /* RenewTransactionStatus */,
				384B04EB2862425300949209 /* AcceptedOffer */,
				382F59602860AFF6009F0BB5 /* Offerer */,
				E9B46FC8285A1BDD008F0615 /* Account */,
				E9B46FC6285A1BA9008F0615 /* Selling */,
				E9B46FC5285A1B8B008F0615 /* Notification */,
				E9B46FC2285A1AFD008F0615 /* TabBar */,
				E9B46FC1285A1A06008F0615 /* SignUp */,
				E9B46FC0285A1A01008F0615 /* SignIn */,
				7BCE01AD285B5D3A00FF94BA /* Product Detail */,
				38940C6A2859EAC9000DD541 /* Home */,
				E9C1F3332858ABED00489969 /* Components */,
			);
			path = Presentation;
			sourceTree = "<group>";
		};
		E9C1F3332858ABED00489969 /* Components */ = {
			isa = PBXGroup;
			children = (
				38AB06E028588D5D0006342E /* SHButton.swift */,
				E95E27202859AEE30090A5CC /* SHTextfield.swift */,
				7BCE01AB285A4E2400FF94BA /* SHLongTextField.swift */,
				7BCE01B0285B614300FF94BA /* SHCustomTextFieldForm.swift */,
				384B04E92862278A00949209 /* SHPopupView.swift */,
				38D0CC3628634BF300561C17 /* SHModalViewController.swift */,
				7B878B772875CFB800748772 /* SHLabelView.swift */,
				7B878B7B2875D0A000748772 /* SHDropDownTextField.swift */,
				385D0F66288934870001D602 /* SHBlurLoadingView.swift */,
			);
			path = Components;
			sourceTree = "<group>";
		};
/* End PBXGroup section */

/* Begin PBXNativeTarget section */
		6E78117D28522ED600104FE1 /* SecondHand */ = {
			isa = PBXNativeTarget;
			buildConfigurationList = 6E78119528522ED900104FE1 /* Build configuration list for PBXNativeTarget "SecondHand" */;
			buildPhases = (
				CAEDAE29F380A54A628DC141 /* [CP] Check Pods Manifest.lock */,
				6E78117A28522ED600104FE1 /* Sources */,
				6E78117B28522ED600104FE1 /* Frameworks */,
				6E78117C28522ED600104FE1 /* Resources */,
				B44979836CBAC6E3DAFAA497 /* [CP] Embed Pods Frameworks */,
			);
			buildRules = (
			);
			dependencies = (
			);
			name = SecondHand;
			packageProductDependencies = (
				3858BC92288466AE009EB472 /* ColorKit */,
			);
			productName = SecondHand;
			productReference = 6E78117E28522ED600104FE1 /* SecondHand.app */;
			productType = "com.apple.product-type.application";
		};
/* End PBXNativeTarget section */

/* Begin PBXProject section */
		6E78117628522ED600104FE1 /* Project object */ = {
			isa = PBXProject;
			attributes = {
				BuildIndependentTargetsInParallel = 1;
				LastSwiftUpdateCheck = 1320;
				LastUpgradeCheck = 1340;
				TargetAttributes = {
					6E78117D28522ED600104FE1 = {
						CreatedOnToolsVersion = 13.2.1;
					};
				};
			};
			buildConfigurationList = 6E78117928522ED600104FE1 /* Build configuration list for PBXProject "SecondHand" */;
			compatibilityVersion = "Xcode 13.0";
			developmentRegion = en;
			hasScannedForEncodings = 0;
			knownRegions = (
				en,
				Base,
				fr,
			);
			mainGroup = 6E78117528522ED600104FE1;
			packageReferences = (
				3858BC91288466AE009EB472 /* XCRemoteSwiftPackageReference "ColorKit" */,
			);
			productRefGroup = 6E78117F28522ED600104FE1 /* Products */;
			projectDirPath = "";
			projectRoot = "";
			targets = (
				6E78117D28522ED600104FE1 /* SecondHand */,
			);
		};
/* End PBXProject section */

/* Begin PBXResourcesBuildPhase section */
		6E78117C28522ED600104FE1 /* Resources */ = {
			isa = PBXResourcesBuildPhase;
			buildActionMask = 2147483647;
			files = (
				38AB06DC28588D030006342E /* Poppins-Regular.ttf in Resources */,
				38BC0E9028597E4D00AB4281 /* Poppins-Medium.ttf in Resources */,
				38AB06DE28588D030006342E /* Poppins-Light.ttf in Resources */,
				6E78119128522ED900104FE1 /* LaunchScreen.storyboard in Resources */,
				38AB06DF28588D030006342E /* Poppins-SemiBold.ttf in Resources */,
				6E78118E28522ED900104FE1 /* Assets.xcassets in Resources */,
				38AB06DD28588D030006342E /* Poppins-Bold.ttf in Resources */,
			);
			runOnlyForDeploymentPostprocessing = 0;
		};
/* End PBXResourcesBuildPhase section */

/* Begin PBXShellScriptBuildPhase section */
		B44979836CBAC6E3DAFAA497 /* [CP] Embed Pods Frameworks */ = {
			isa = PBXShellScriptBuildPhase;
			buildActionMask = 2147483647;
			files = (
			);
			inputFileListPaths = (
				"${PODS_ROOT}/Target Support Files/Pods-SecondHand/Pods-SecondHand-frameworks-${CONFIGURATION}-input-files.xcfilelist",
			);
			name = "[CP] Embed Pods Frameworks";
			outputFileListPaths = (
				"${PODS_ROOT}/Target Support Files/Pods-SecondHand/Pods-SecondHand-frameworks-${CONFIGURATION}-output-files.xcfilelist",
			);
			runOnlyForDeploymentPostprocessing = 0;
			shellPath = /bin/sh;
			shellScript = "\"${PODS_ROOT}/Target Support Files/Pods-SecondHand/Pods-SecondHand-frameworks.sh\"\n";
			showEnvVarsInLog = 0;
		};
		CAEDAE29F380A54A628DC141 /* [CP] Check Pods Manifest.lock */ = {
			isa = PBXShellScriptBuildPhase;
			buildActionMask = 2147483647;
			files = (
			);
			inputFileListPaths = (
			);
			inputPaths = (
				"${PODS_PODFILE_DIR_PATH}/Podfile.lock",
				"${PODS_ROOT}/Manifest.lock",
			);
			name = "[CP] Check Pods Manifest.lock";
			outputFileListPaths = (
			);
			outputPaths = (
				"$(DERIVED_FILE_DIR)/Pods-SecondHand-checkManifestLockResult.txt",
			);
			runOnlyForDeploymentPostprocessing = 0;
			shellPath = /bin/sh;
			shellScript = "diff \"${PODS_PODFILE_DIR_PATH}/Podfile.lock\" \"${PODS_ROOT}/Manifest.lock\" > /dev/null\nif [ $? != 0 ] ; then\n    # print error to STDERR\n    echo \"error: The sandbox is not in sync with the Podfile.lock. Run 'pod install' or update your CocoaPods installation.\" >&2\n    exit 1\nfi\n# This output is used by Xcode 'outputs' to avoid re-running this script phase.\necho \"SUCCESS\" > \"${SCRIPT_OUTPUT_FILE_0}\"\n";
			showEnvVarsInLog = 0;
		};
/* End PBXShellScriptBuildPhase section */

/* Begin PBXSourcesBuildPhase section */
		6E78117A28522ED600104FE1 /* Sources */ = {
			isa = PBXSourcesBuildPhase;
			buildActionMask = 2147483647;
			files = (
				385D0F67288934870001D602 /* SHBlurLoadingView.swift in Sources */,
				38940C742859EB5B000DD541 /* HomeProductCollectionCell.swift in Sources */,
				3858177A286D802400748254 /* SHBuyerProductResponse.swift in Sources */,
				7BCE01B1285B614300FF94BA /* SHCustomTextFieldForm.swift in Sources */,
				38349B76287A7EDF001E98F0 /* HomeSearchResultCell.swift in Sources */,
				6EAAC82228622226008AC66E /* AccountTableViewController.swift in Sources */,
				7BEA560028887F1400D4B441 /* ListProductViewCell.swift in Sources */,
				38D0CC3728634BF300561C17 /* SHModalViewController.swift in Sources */,
				388D2588288C672600425DF5 /* HomeNewProductCell.swift in Sources */,
				382F59622860B00E009F0BB5 /* OffererViewController.swift in Sources */,
				E90C4BB12869FB9200C64528 /* RecomendationListViewController.swift in Sources */,
				38B758F9288056B6007D09B3 /* SHSellerOrderResponse.swift in Sources */,
				7BCE01AC285A4E2400FF94BA /* SHLongTextField.swift in Sources */,
				E9C1F3362858AC3900489969 /* SignInViewController.swift in Sources */,
				384AE52F2884490C0018F132 /* SHBannerResponse.swift in Sources */,
				383095DD28646FD300EDFDAB /* RenewTransactionStatusViewController.swift in Sources */,
				7B878B88287C44E400748772 /* SellerPreviewViewController.swift in Sources */,
				7B878B7C2875D0A000748772 /* SHDropDownTextField.swift in Sources */,
				38BC0E8E28597E3400AB4281 /* UILabel+Extension.swift in Sources */,
				7BEA55FE28887DF400D4B441 /* ListCategoryViewCell.swift in Sources */,
				7B878B762875CF9800748772 /* CompleteAccountViewController.swift in Sources */,
				383095E02864A7EC00EDFDAB /* TransactionStatusCell.swift in Sources */,
				E9C1F3392858AC4C00489969 /* SignUpViewController.swift in Sources */,
				E95E27212859AEE30090A5CC /* SHTextfield.swift in Sources */,
				6E78118228522ED600104FE1 /* AppDelegate.swift in Sources */,
				38AB06E128588D5D0006342E /* SHButton.swift in Sources */,
				3858BC9528850FF4009EB472 /* NotificationDetailCell.swift in Sources */,
				3858177C286D809100748254 /* SHUserResponse.swift in Sources */,
				38106AA2286C633200B5794A /* SHCategoryResponse.swift in Sources */,
				7BA1F24E28884C20009858ED /* ListSellingViewController.swift in Sources */,
				7B878B7A2875D03E00748772 /* DetailProductViewController.swift in Sources */,
				6E78118C28522ED600104FE1 /* SecondHand.xcdatamodeld in Sources */,
				7BA1F25028885E47009858ED /* SellerCardTableViewCell.swift in Sources */,
				38822BC4286B3282006B2C6C /* SHNotificationResponse.swift in Sources */,
				7B878B782875CFB800748772 /* SHLabelView.swift in Sources */,
				6E78118428522ED600104FE1 /* SceneDelegate.swift in Sources */,
				7B878B822875D21B00748772 /* BuyerTenViewController.swift in Sources */,
				3895B759285B617100202609 /* UINavigationBar+Extension.swift in Sources */,
				38940C6E2859EB08000DD541 /* HomeHeaderCell.swift in Sources */,
				38AB06D628588CB60006342E /* UIColor+Extension.swift in Sources */,
				7B878B802875D1EB00748772 /* BuyerSixViewController.swift in Sources */,
				E9B46FD4285A3354008F0615 /* String+Extensions.swift in Sources */,
				E95E27232859B01C0090A5CC /* UIView+Extensions.swift in Sources */,
				7BCE01B3285C188400FF94BA /* UIImageView+Extensions.swift in Sources */,
				7B878B7E2875D16D00748772 /* IndonesiaCityList.swift in Sources */,
				382F59652860CEED009F0BB5 /* OffererDetailCell.swift in Sources */,
				38D935882886F515008C73E2 /* AccountDetailViewController.swift in Sources */,
				38106AA0286C62BB00B5794A /* SHSellerProductResponse.swift in Sources */,
				38940C702859EB2F000DD541 /* CategorySelectorCollectionCell.swift in Sources */,
				7B79A3FC2881A21F009D8509 /* SHBuyerOrderResponse.swift in Sources */,
				3895B75C285B6FEA00202609 /* NotificationCell.swift in Sources */,
				384AE52D2883E6CD0018F132 /* NotificationDetailViewController.swift in Sources */,
				7BEA55FB2888788500D4B441 /* MyProductTableViewCell.swift in Sources */,
				3858177E286D82F400748254 /* Int+Extension.swift in Sources */,
				E9B46FCC285A1C35008F0615 /* SellingViewController.swift in Sources */,
				38940C6C2859EAD7000DD541 /* HomeViewController.swift in Sources */,
				E9B46FCA285A1C23008F0615 /* NotificationViewController.swift in Sources */,
				384B04EA2862278A00949209 /* SHPopupView.swift in Sources */,
				E90C4BB62869FBCB00C64528 /* SoldOutListViewController.swift in Sources */,
				38940C722859EB44000DD541 /* HomeProductCell.swift in Sources */,
				38822BC1286AED53006B2C6C /* SecondHandAPI.swift in Sources */,
				382F59672860CF04009F0BB5 /* OffererProductCell.swift in Sources */,
				7BEA56022889392600D4B441 /* ListProductDashedCell.swift in Sources */,
				E90C4BB42869FBBD00C64528 /* SellingListPageViewController.swift in Sources */,
				38940C762859EB79000DD541 /* UICollectionView+Extension.swift in Sources */,
				E90C4BAF2869FB7D00C64528 /* ProductListViewController.swift in Sources */,
				384B04ED2862427500949209 /* AcceptedOfferViewController.swift in Sources */,
				E9B46FC4285A1B5E008F0615 /* MainTabBarController.swift in Sources */,
				3893251D287DC14600151410 /* SettingsViewController.swift in Sources */,
				384AE53128844E3E0018F132 /* BannerCollectionCell.swift in Sources */,
			);
			runOnlyForDeploymentPostprocessing = 0;
		};
/* End PBXSourcesBuildPhase section */

/* Begin PBXVariantGroup section */
		6E78118F28522ED900104FE1 /* LaunchScreen.storyboard */ = {
			isa = PBXVariantGroup;
			children = (
				6E78119028522ED900104FE1 /* Base */,
			);
			name = LaunchScreen.storyboard;
			sourceTree = "<group>";
		};
/* End PBXVariantGroup section */

/* Begin XCBuildConfiguration section */
		6E78119328522ED900104FE1 /* Debug */ = {
			isa = XCBuildConfiguration;
			buildSettings = {
				ALWAYS_SEARCH_USER_PATHS = NO;
				CLANG_ANALYZER_LOCALIZABILITY_NONLOCALIZED = YES;
				CLANG_ANALYZER_NONNULL = YES;
				CLANG_ANALYZER_NUMBER_OBJECT_CONVERSION = YES_AGGRESSIVE;
				CLANG_CXX_LANGUAGE_STANDARD = "gnu++17";
				CLANG_CXX_LIBRARY = "libc++";
				CLANG_ENABLE_MODULES = YES;
				CLANG_ENABLE_OBJC_ARC = YES;
				CLANG_ENABLE_OBJC_WEAK = YES;
				CLANG_WARN_BLOCK_CAPTURE_AUTORELEASING = YES;
				CLANG_WARN_BOOL_CONVERSION = YES;
				CLANG_WARN_COMMA = YES;
				CLANG_WARN_CONSTANT_CONVERSION = YES;
				CLANG_WARN_DEPRECATED_OBJC_IMPLEMENTATIONS = YES;
				CLANG_WARN_DIRECT_OBJC_ISA_USAGE = YES_ERROR;
				CLANG_WARN_DOCUMENTATION_COMMENTS = YES;
				CLANG_WARN_EMPTY_BODY = YES;
				CLANG_WARN_ENUM_CONVERSION = YES;
				CLANG_WARN_INFINITE_RECURSION = YES;
				CLANG_WARN_INT_CONVERSION = YES;
				CLANG_WARN_NON_LITERAL_NULL_CONVERSION = YES;
				CLANG_WARN_OBJC_IMPLICIT_RETAIN_SELF = YES;
				CLANG_WARN_OBJC_LITERAL_CONVERSION = YES;
				CLANG_WARN_OBJC_ROOT_CLASS = YES_ERROR;
				CLANG_WARN_QUOTED_INCLUDE_IN_FRAMEWORK_HEADER = YES;
				CLANG_WARN_RANGE_LOOP_ANALYSIS = YES;
				CLANG_WARN_STRICT_PROTOTYPES = YES;
				CLANG_WARN_SUSPICIOUS_MOVE = YES;
				CLANG_WARN_UNGUARDED_AVAILABILITY = YES_AGGRESSIVE;
				CLANG_WARN_UNREACHABLE_CODE = YES;
				CLANG_WARN__DUPLICATE_METHOD_MATCH = YES;
				COPY_PHASE_STRIP = NO;
				DEBUG_INFORMATION_FORMAT = dwarf;
				ENABLE_STRICT_OBJC_MSGSEND = YES;
				ENABLE_TESTABILITY = YES;
				GCC_C_LANGUAGE_STANDARD = gnu11;
				GCC_DYNAMIC_NO_PIC = NO;
				GCC_NO_COMMON_BLOCKS = YES;
				GCC_OPTIMIZATION_LEVEL = 0;
				GCC_PREPROCESSOR_DEFINITIONS = (
					"DEBUG=1",
					"$(inherited)",
				);
				GCC_WARN_64_TO_32_BIT_CONVERSION = YES;
				GCC_WARN_ABOUT_RETURN_TYPE = YES_ERROR;
				GCC_WARN_UNDECLARED_SELECTOR = YES;
				GCC_WARN_UNINITIALIZED_AUTOS = YES_AGGRESSIVE;
				GCC_WARN_UNUSED_FUNCTION = YES;
				GCC_WARN_UNUSED_VARIABLE = YES;
				IPHONEOS_DEPLOYMENT_TARGET = 15.2;
				MTL_ENABLE_DEBUG_INFO = INCLUDE_SOURCE;
				MTL_FAST_MATH = YES;
				ONLY_ACTIVE_ARCH = YES;
				SDKROOT = iphoneos;
				SWIFT_ACTIVE_COMPILATION_CONDITIONS = DEBUG;
				SWIFT_OPTIMIZATION_LEVEL = "-Onone";
			};
			name = Debug;
		};
		6E78119428522ED900104FE1 /* Release */ = {
			isa = XCBuildConfiguration;
			buildSettings = {
				ALWAYS_SEARCH_USER_PATHS = NO;
				CLANG_ANALYZER_LOCALIZABILITY_NONLOCALIZED = YES;
				CLANG_ANALYZER_NONNULL = YES;
				CLANG_ANALYZER_NUMBER_OBJECT_CONVERSION = YES_AGGRESSIVE;
				CLANG_CXX_LANGUAGE_STANDARD = "gnu++17";
				CLANG_CXX_LIBRARY = "libc++";
				CLANG_ENABLE_MODULES = YES;
				CLANG_ENABLE_OBJC_ARC = YES;
				CLANG_ENABLE_OBJC_WEAK = YES;
				CLANG_WARN_BLOCK_CAPTURE_AUTORELEASING = YES;
				CLANG_WARN_BOOL_CONVERSION = YES;
				CLANG_WARN_COMMA = YES;
				CLANG_WARN_CONSTANT_CONVERSION = YES;
				CLANG_WARN_DEPRECATED_OBJC_IMPLEMENTATIONS = YES;
				CLANG_WARN_DIRECT_OBJC_ISA_USAGE = YES_ERROR;
				CLANG_WARN_DOCUMENTATION_COMMENTS = YES;
				CLANG_WARN_EMPTY_BODY = YES;
				CLANG_WARN_ENUM_CONVERSION = YES;
				CLANG_WARN_INFINITE_RECURSION = YES;
				CLANG_WARN_INT_CONVERSION = YES;
				CLANG_WARN_NON_LITERAL_NULL_CONVERSION = YES;
				CLANG_WARN_OBJC_IMPLICIT_RETAIN_SELF = YES;
				CLANG_WARN_OBJC_LITERAL_CONVERSION = YES;
				CLANG_WARN_OBJC_ROOT_CLASS = YES_ERROR;
				CLANG_WARN_QUOTED_INCLUDE_IN_FRAMEWORK_HEADER = YES;
				CLANG_WARN_RANGE_LOOP_ANALYSIS = YES;
				CLANG_WARN_STRICT_PROTOTYPES = YES;
				CLANG_WARN_SUSPICIOUS_MOVE = YES;
				CLANG_WARN_UNGUARDED_AVAILABILITY = YES_AGGRESSIVE;
				CLANG_WARN_UNREACHABLE_CODE = YES;
				CLANG_WARN__DUPLICATE_METHOD_MATCH = YES;
				COPY_PHASE_STRIP = NO;
				DEBUG_INFORMATION_FORMAT = "dwarf-with-dsym";
				ENABLE_NS_ASSERTIONS = NO;
				ENABLE_STRICT_OBJC_MSGSEND = YES;
				GCC_C_LANGUAGE_STANDARD = gnu11;
				GCC_NO_COMMON_BLOCKS = YES;
				GCC_WARN_64_TO_32_BIT_CONVERSION = YES;
				GCC_WARN_ABOUT_RETURN_TYPE = YES_ERROR;
				GCC_WARN_UNDECLARED_SELECTOR = YES;
				GCC_WARN_UNINITIALIZED_AUTOS = YES_AGGRESSIVE;
				GCC_WARN_UNUSED_FUNCTION = YES;
				GCC_WARN_UNUSED_VARIABLE = YES;
				IPHONEOS_DEPLOYMENT_TARGET = 15.2;
				MTL_ENABLE_DEBUG_INFO = NO;
				MTL_FAST_MATH = YES;
				SDKROOT = iphoneos;
				SWIFT_COMPILATION_MODE = wholemodule;
				SWIFT_OPTIMIZATION_LEVEL = "-O";
				VALIDATE_PRODUCT = YES;
			};
			name = Release;
		};
		6E78119628522ED900104FE1 /* Debug */ = {
			isa = XCBuildConfiguration;
			baseConfigurationReference = 18BE0F8D8F7C3A6E72921B31 /* Pods-SecondHand.debug.xcconfig */;
			buildSettings = {
				ASSETCATALOG_COMPILER_APPICON_NAME = AppIcon;
				ASSETCATALOG_COMPILER_GLOBAL_ACCENT_COLOR_NAME = AccentColor;
				CODE_SIGN_STYLE = Automatic;
				CURRENT_PROJECT_VERSION = 1;
				DEVELOPMENT_TEAM = CA9KP7YRD3;
				GENERATE_INFOPLIST_FILE = YES;
				INFOPLIST_FILE = SecondHand/Info.plist;
				INFOPLIST_KEY_UIApplicationSupportsIndirectInputEvents = YES;
				INFOPLIST_KEY_UILaunchStoryboardName = LaunchScreen;
				INFOPLIST_KEY_UISupportedInterfaceOrientations_iPad = "UIInterfaceOrientationPortrait UIInterfaceOrientationPortraitUpsideDown UIInterfaceOrientationLandscapeLeft UIInterfaceOrientationLandscapeRight";
				INFOPLIST_KEY_UISupportedInterfaceOrientations_iPhone = "UIInterfaceOrientationPortrait UIInterfaceOrientationLandscapeLeft UIInterfaceOrientationLandscapeRight";
				LD_RUNPATH_SEARCH_PATHS = (
					"$(inherited)",
					"@executable_path/Frameworks",
				);
				MARKETING_VERSION = 1.0;
				PRODUCT_BUNDLE_IDENTIFIER = com.Binar.SecondHand;
				PRODUCT_NAME = "$(TARGET_NAME)";
				SWIFT_EMIT_LOC_STRINGS = YES;
				SWIFT_VERSION = 5.0;
				TARGETED_DEVICE_FAMILY = "1,2";
			};
			name = Debug;
		};
		6E78119728522ED900104FE1 /* Release */ = {
			isa = XCBuildConfiguration;
			baseConfigurationReference = 6B21B3F76C4D0FBF88141096 /* Pods-SecondHand.release.xcconfig */;
			buildSettings = {
				ASSETCATALOG_COMPILER_APPICON_NAME = AppIcon;
				ASSETCATALOG_COMPILER_GLOBAL_ACCENT_COLOR_NAME = AccentColor;
				CODE_SIGN_STYLE = Automatic;
				CURRENT_PROJECT_VERSION = 1;
				DEVELOPMENT_TEAM = CA9KP7YRD3;
				GENERATE_INFOPLIST_FILE = YES;
				INFOPLIST_FILE = SecondHand/Info.plist;
				INFOPLIST_KEY_UIApplicationSupportsIndirectInputEvents = YES;
				INFOPLIST_KEY_UILaunchStoryboardName = LaunchScreen;
				INFOPLIST_KEY_UISupportedInterfaceOrientations_iPad = "UIInterfaceOrientationPortrait UIInterfaceOrientationPortraitUpsideDown UIInterfaceOrientationLandscapeLeft UIInterfaceOrientationLandscapeRight";
				INFOPLIST_KEY_UISupportedInterfaceOrientations_iPhone = "UIInterfaceOrientationPortrait UIInterfaceOrientationLandscapeLeft UIInterfaceOrientationLandscapeRight";
				LD_RUNPATH_SEARCH_PATHS = (
					"$(inherited)",
					"@executable_path/Frameworks",
				);
				MARKETING_VERSION = 1.0;
				PRODUCT_BUNDLE_IDENTIFIER = com.Binar.SecondHand;
				PRODUCT_NAME = "$(TARGET_NAME)";
				SWIFT_EMIT_LOC_STRINGS = YES;
				SWIFT_VERSION = 5.0;
				TARGETED_DEVICE_FAMILY = "1,2";
			};
			name = Release;
		};
/* End XCBuildConfiguration section */

/* Begin XCConfigurationList section */
		6E78117928522ED600104FE1 /* Build configuration list for PBXProject "SecondHand" */ = {
			isa = XCConfigurationList;
			buildConfigurations = (
				6E78119328522ED900104FE1 /* Debug */,
				6E78119428522ED900104FE1 /* Release */,
			);
			defaultConfigurationIsVisible = 0;
			defaultConfigurationName = Release;
		};
		6E78119528522ED900104FE1 /* Build configuration list for PBXNativeTarget "SecondHand" */ = {
			isa = XCConfigurationList;
			buildConfigurations = (
				6E78119628522ED900104FE1 /* Debug */,
				6E78119728522ED900104FE1 /* Release */,
			);
			defaultConfigurationIsVisible = 0;
			defaultConfigurationName = Release;
		};
/* End XCConfigurationList section */

/* Begin XCRemoteSwiftPackageReference section */
		3858BC91288466AE009EB472 /* XCRemoteSwiftPackageReference "ColorKit" */ = {
			isa = XCRemoteSwiftPackageReference;
			repositoryURL = "https://github.com/Boris-Em/ColorKit.git";
			requirement = {
				kind = upToNextMajorVersion;
				minimumVersion = 1.0.0;
			};
		};
/* End XCRemoteSwiftPackageReference section */

/* Begin XCSwiftPackageProductDependency section */
		3858BC92288466AE009EB472 /* ColorKit */ = {
			isa = XCSwiftPackageProductDependency;
			package = 3858BC91288466AE009EB472 /* XCRemoteSwiftPackageReference "ColorKit" */;
			productName = ColorKit;
		};
/* End XCSwiftPackageProductDependency section */

/* Begin XCVersionGroup section */
		6E78118A28522ED600104FE1 /* SecondHand.xcdatamodeld */ = {
			isa = XCVersionGroup;
			children = (
				6E78118B28522ED600104FE1 /* SecondHand.xcdatamodel */,
			);
			currentVersion = 6E78118B28522ED600104FE1 /* SecondHand.xcdatamodel */;
			path = SecondHand.xcdatamodeld;
			sourceTree = "<group>";
			versionGroupType = wrapper.xcdatamodel;
		};
/* End XCVersionGroup section */
	};
	rootObject = 6E78117628522ED600104FE1 /* Project object */;
}
