// !$*UTF8*$!
{
	archiveVersion = 1;
	classes = {
	};
	objectVersion = 55;
	objects = {

/* Begin PBXBuildFile section */
		38940C6C2859EAD7000DD541 /* HomeViewController.swift in Sources */ = {isa = PBXBuildFile; fileRef = 38940C6B2859EAD7000DD541 /* HomeViewController.swift */; };
		38940C6E2859EB08000DD541 /* HomeHeaderCell.swift in Sources */ = {isa = PBXBuildFile; fileRef = 38940C6D2859EB08000DD541 /* HomeHeaderCell.swift */; };
		38940C702859EB2F000DD541 /* CategorySelectorCollectionCell.swift in Sources */ = {isa = PBXBuildFile; fileRef = 38940C6F2859EB2F000DD541 /* CategorySelectorCollectionCell.swift */; };
		38940C722859EB44000DD541 /* HomeProductCell.swift in Sources */ = {isa = PBXBuildFile; fileRef = 38940C712859EB44000DD541 /* HomeProductCell.swift */; };
		38940C742859EB5B000DD541 /* HomeProductCollectionCell.swift in Sources */ = {isa = PBXBuildFile; fileRef = 38940C732859EB5B000DD541 /* HomeProductCollectionCell.swift */; };
		38940C762859EB79000DD541 /* UICollectionView+Extension.swift in Sources */ = {isa = PBXBuildFile; fileRef = 38940C752859EB79000DD541 /* UICollectionView+Extension.swift */; };
		38940C7D285A2C60000DD541 /* HomeSearchViewController.swift in Sources */ = {isa = PBXBuildFile; fileRef = 38940C7C285A2C60000DD541 /* HomeSearchViewController.swift */; };
		38AB06D628588CB60006342E /* UIColor+Extension.swift in Sources */ = {isa = PBXBuildFile; fileRef = 38AB06D528588CB60006342E /* UIColor+Extension.swift */; };
		38AB06DC28588D030006342E /* Poppins-Regular.ttf in Resources */ = {isa = PBXBuildFile; fileRef = 38AB06D828588D030006342E /* Poppins-Regular.ttf */; };
		38AB06DD28588D030006342E /* Poppins-Bold.ttf in Resources */ = {isa = PBXBuildFile; fileRef = 38AB06D928588D030006342E /* Poppins-Bold.ttf */; };
		38AB06DE28588D030006342E /* Poppins-Light.ttf in Resources */ = {isa = PBXBuildFile; fileRef = 38AB06DA28588D030006342E /* Poppins-Light.ttf */; };
		38AB06DF28588D030006342E /* Poppins-SemiBold.ttf in Resources */ = {isa = PBXBuildFile; fileRef = 38AB06DB28588D030006342E /* Poppins-SemiBold.ttf */; };
		38AB06E128588D5D0006342E /* SHButton.swift in Sources */ = {isa = PBXBuildFile; fileRef = 38AB06E028588D5D0006342E /* SHButton.swift */; };
		38BC0E8E28597E3400AB4281 /* UILabel+Extension.swift in Sources */ = {isa = PBXBuildFile; fileRef = 38BC0E8D28597E3400AB4281 /* UILabel+Extension.swift */; };
		38BC0E9028597E4D00AB4281 /* Poppins-Medium.ttf in Resources */ = {isa = PBXBuildFile; fileRef = 38BC0E8F28597E4D00AB4281 /* Poppins-Medium.ttf */; };
		6E78118228522ED600104FE1 /* AppDelegate.swift in Sources */ = {isa = PBXBuildFile; fileRef = 6E78118128522ED600104FE1 /* AppDelegate.swift */; };
		6E78118428522ED600104FE1 /* SceneDelegate.swift in Sources */ = {isa = PBXBuildFile; fileRef = 6E78118328522ED600104FE1 /* SceneDelegate.swift */; };
		6E78118C28522ED600104FE1 /* SecondHand.xcdatamodeld in Sources */ = {isa = PBXBuildFile; fileRef = 6E78118A28522ED600104FE1 /* SecondHand.xcdatamodeld */; };
		6E78118E28522ED900104FE1 /* Assets.xcassets in Resources */ = {isa = PBXBuildFile; fileRef = 6E78118D28522ED900104FE1 /* Assets.xcassets */; };
		6E78119128522ED900104FE1 /* LaunchScreen.storyboard in Resources */ = {isa = PBXBuildFile; fileRef = 6E78118F28522ED900104FE1 /* LaunchScreen.storyboard */; };
		7BCE01AA285A21B100FF94BA /* AccountInfoViewController.swift in Sources */ = {isa = PBXBuildFile; fileRef = 7BCE01A9285A21B100FF94BA /* AccountInfoViewController.swift */; };
		7BCE01AC285A4E2400FF94BA /* SHLongTextField.swift in Sources */ = {isa = PBXBuildFile; fileRef = 7BCE01AB285A4E2400FF94BA /* SHLongTextField.swift */; };
		7BCE01AF285B5D7D00FF94BA /* ProductDetailViewController.swift in Sources */ = {isa = PBXBuildFile; fileRef = 7BCE01AE285B5D7D00FF94BA /* ProductDetailViewController.swift */; };
		7BCE01B1285B614300FF94BA /* SHCustomTextFieldForm.swift in Sources */ = {isa = PBXBuildFile; fileRef = 7BCE01B0285B614300FF94BA /* SHCustomTextFieldForm.swift */; };
		7BCE01B3285C188400FF94BA /* UIImageView+Extensions.swift in Sources */ = {isa = PBXBuildFile; fileRef = 7BCE01B2285C188400FF94BA /* UIImageView+Extensions.swift */; };
		7BCE022428605F3300FF94BA /* SHDropDownTextField.swift in Sources */ = {isa = PBXBuildFile; fileRef = 7BCE022328605F3300FF94BA /* SHDropDownTextField.swift */; };
		7BCE02262860671600FF94BA /* ListKotaIndonesia.swift in Sources */ = {isa = PBXBuildFile; fileRef = 7BCE02252860671600FF94BA /* ListKotaIndonesia.swift */; };
		DDE4585FBA86630339325FCB /* Pods_SecondHand.framework in Frameworks */ = {isa = PBXBuildFile; fileRef = 2C9322B975302445342BB087 /* Pods_SecondHand.framework */; };
		E95E27212859AEE30090A5CC /* SHTextfield.swift in Sources */ = {isa = PBXBuildFile; fileRef = E95E27202859AEE30090A5CC /* SHTextfield.swift */; };
		E95E27232859B01C0090A5CC /* UIView+Extensions.swift in Sources */ = {isa = PBXBuildFile; fileRef = E95E27222859B01C0090A5CC /* UIView+Extensions.swift */; };
		E9B46FC4285A1B5E008F0615 /* MainTabBarController.swift in Sources */ = {isa = PBXBuildFile; fileRef = E9B46FC3285A1B5E008F0615 /* MainTabBarController.swift */; };
		E9B46FCA285A1C23008F0615 /* NotificationViewController.swift in Sources */ = {isa = PBXBuildFile; fileRef = E9B46FC9285A1C23008F0615 /* NotificationViewController.swift */; };
		E9B46FCC285A1C35008F0615 /* SellingViewController.swift in Sources */ = {isa = PBXBuildFile; fileRef = E9B46FCB285A1C35008F0615 /* SellingViewController.swift */; };
		E9B46FCE285A1C40008F0615 /* SellingListViewController.swift in Sources */ = {isa = PBXBuildFile; fileRef = E9B46FCD285A1C40008F0615 /* SellingListViewController.swift */; };
		E9B46FD0285A1C4B008F0615 /* AccountViewController.swift in Sources */ = {isa = PBXBuildFile; fileRef = E9B46FCF285A1C4B008F0615 /* AccountViewController.swift */; };
		E9B46FD4285A3354008F0615 /* String+Extensions.swift in Sources */ = {isa = PBXBuildFile; fileRef = E9B46FD3285A3354008F0615 /* String+Extensions.swift */; };
		E9C1F3362858AC3900489969 /* SignInViewController.swift in Sources */ = {isa = PBXBuildFile; fileRef = E9C1F3352858AC3900489969 /* SignInViewController.swift */; };
		E9C1F3392858AC4C00489969 /* SignUpViewController.swift in Sources */ = {isa = PBXBuildFile; fileRef = E9C1F3382858AC4C00489969 /* SignUpViewController.swift */; };
/* End PBXBuildFile section */

/* Begin PBXFileReference section */
		2C9322B975302445342BB087 /* Pods_SecondHand.framework */ = {isa = PBXFileReference; explicitFileType = wrapper.framework; includeInIndex = 0; path = Pods_SecondHand.framework; sourceTree = BUILT_PRODUCTS_DIR; };
		38940C6B2859EAD7000DD541 /* HomeViewController.swift */ = {isa = PBXFileReference; lastKnownFileType = sourcecode.swift; path = HomeViewController.swift; sourceTree = "<group>"; };
		38940C6D2859EB08000DD541 /* HomeHeaderCell.swift */ = {isa = PBXFileReference; lastKnownFileType = sourcecode.swift; path = HomeHeaderCell.swift; sourceTree = "<group>"; };
		38940C6F2859EB2F000DD541 /* CategorySelectorCollectionCell.swift */ = {isa = PBXFileReference; lastKnownFileType = sourcecode.swift; path = CategorySelectorCollectionCell.swift; sourceTree = "<group>"; };
		38940C712859EB44000DD541 /* HomeProductCell.swift */ = {isa = PBXFileReference; lastKnownFileType = sourcecode.swift; path = HomeProductCell.swift; sourceTree = "<group>"; };
		38940C732859EB5B000DD541 /* HomeProductCollectionCell.swift */ = {isa = PBXFileReference; lastKnownFileType = sourcecode.swift; path = HomeProductCollectionCell.swift; sourceTree = "<group>"; };
		38940C752859EB79000DD541 /* UICollectionView+Extension.swift */ = {isa = PBXFileReference; lastKnownFileType = sourcecode.swift; path = "UICollectionView+Extension.swift"; sourceTree = "<group>"; };
		38940C7C285A2C60000DD541 /* HomeSearchViewController.swift */ = {isa = PBXFileReference; lastKnownFileType = sourcecode.swift; path = HomeSearchViewController.swift; sourceTree = "<group>"; };
		38AB06D528588CB60006342E /* UIColor+Extension.swift */ = {isa = PBXFileReference; lastKnownFileType = sourcecode.swift; path = "UIColor+Extension.swift"; sourceTree = "<group>"; };
		38AB06D828588D030006342E /* Poppins-Regular.ttf */ = {isa = PBXFileReference; lastKnownFileType = file; path = "Poppins-Regular.ttf"; sourceTree = "<group>"; };
		38AB06D928588D030006342E /* Poppins-Bold.ttf */ = {isa = PBXFileReference; lastKnownFileType = file; path = "Poppins-Bold.ttf"; sourceTree = "<group>"; };
		38AB06DA28588D030006342E /* Poppins-Light.ttf */ = {isa = PBXFileReference; lastKnownFileType = file; path = "Poppins-Light.ttf"; sourceTree = "<group>"; };
		38AB06DB28588D030006342E /* Poppins-SemiBold.ttf */ = {isa = PBXFileReference; lastKnownFileType = file; path = "Poppins-SemiBold.ttf"; sourceTree = "<group>"; };
		38AB06E028588D5D0006342E /* SHButton.swift */ = {isa = PBXFileReference; lastKnownFileType = sourcecode.swift; path = SHButton.swift; sourceTree = "<group>"; };
		38BC0E8D28597E3400AB4281 /* UILabel+Extension.swift */ = {isa = PBXFileReference; lastKnownFileType = sourcecode.swift; path = "UILabel+Extension.swift"; sourceTree = "<group>"; };
		38BC0E8F28597E4D00AB4281 /* Poppins-Medium.ttf */ = {isa = PBXFileReference; lastKnownFileType = file; path = "Poppins-Medium.ttf"; sourceTree = "<group>"; };
		394850F0AC48B4276E986C7A /* Pods-SecondHand.release.xcconfig */ = {isa = PBXFileReference; includeInIndex = 1; lastKnownFileType = text.xcconfig; name = "Pods-SecondHand.release.xcconfig"; path = "Target Support Files/Pods-SecondHand/Pods-SecondHand.release.xcconfig"; sourceTree = "<group>"; };
		6E78117E28522ED600104FE1 /* SecondHand.app */ = {isa = PBXFileReference; explicitFileType = wrapper.application; includeInIndex = 0; path = SecondHand.app; sourceTree = BUILT_PRODUCTS_DIR; };
		6E78118128522ED600104FE1 /* AppDelegate.swift */ = {isa = PBXFileReference; lastKnownFileType = sourcecode.swift; path = AppDelegate.swift; sourceTree = "<group>"; };
		6E78118328522ED600104FE1 /* SceneDelegate.swift */ = {isa = PBXFileReference; lastKnownFileType = sourcecode.swift; path = SceneDelegate.swift; sourceTree = "<group>"; };
		6E78118B28522ED600104FE1 /* SecondHand.xcdatamodel */ = {isa = PBXFileReference; lastKnownFileType = wrapper.xcdatamodel; path = SecondHand.xcdatamodel; sourceTree = "<group>"; };
		6E78118D28522ED900104FE1 /* Assets.xcassets */ = {isa = PBXFileReference; lastKnownFileType = folder.assetcatalog; path = Assets.xcassets; sourceTree = "<group>"; };
		6E78119028522ED900104FE1 /* Base */ = {isa = PBXFileReference; lastKnownFileType = file.storyboard; name = Base; path = Base.lproj/LaunchScreen.storyboard; sourceTree = "<group>"; };
		6E78119228522ED900104FE1 /* Info.plist */ = {isa = PBXFileReference; lastKnownFileType = text.plist.xml; path = Info.plist; sourceTree = "<group>"; };
		7BCE01A9285A21B100FF94BA /* AccountInfoViewController.swift */ = {isa = PBXFileReference; lastKnownFileType = sourcecode.swift; path = AccountInfoViewController.swift; sourceTree = "<group>"; };
		7BCE01AB285A4E2400FF94BA /* SHLongTextField.swift */ = {isa = PBXFileReference; lastKnownFileType = sourcecode.swift; path = SHLongTextField.swift; sourceTree = "<group>"; };
		7BCE01AE285B5D7D00FF94BA /* ProductDetailViewController.swift */ = {isa = PBXFileReference; lastKnownFileType = sourcecode.swift; path = ProductDetailViewController.swift; sourceTree = "<group>"; };
		7BCE01B0285B614300FF94BA /* SHCustomTextFieldForm.swift */ = {isa = PBXFileReference; lastKnownFileType = sourcecode.swift; path = SHCustomTextFieldForm.swift; sourceTree = "<group>"; };
		7BCE01B2285C188400FF94BA /* UIImageView+Extensions.swift */ = {isa = PBXFileReference; lastKnownFileType = sourcecode.swift; path = "UIImageView+Extensions.swift"; sourceTree = "<group>"; };
		7BCE022328605F3300FF94BA /* SHDropDownTextField.swift */ = {isa = PBXFileReference; lastKnownFileType = sourcecode.swift; path = SHDropDownTextField.swift; sourceTree = "<group>"; };
		7BCE02252860671600FF94BA /* ListKotaIndonesia.swift */ = {isa = PBXFileReference; lastKnownFileType = sourcecode.swift; path = ListKotaIndonesia.swift; sourceTree = "<group>"; };
		E629055528C10A47A9646598 /* Pods-SecondHand.debug.xcconfig */ = {isa = PBXFileReference; includeInIndex = 1; lastKnownFileType = text.xcconfig; name = "Pods-SecondHand.debug.xcconfig"; path = "Target Support Files/Pods-SecondHand/Pods-SecondHand.debug.xcconfig"; sourceTree = "<group>"; };
		E95E27202859AEE30090A5CC /* SHTextfield.swift */ = {isa = PBXFileReference; lastKnownFileType = sourcecode.swift; path = SHTextfield.swift; sourceTree = "<group>"; };
		E95E27222859B01C0090A5CC /* UIView+Extensions.swift */ = {isa = PBXFileReference; lastKnownFileType = sourcecode.swift; path = "UIView+Extensions.swift"; sourceTree = "<group>"; };
		E9B46FC3285A1B5E008F0615 /* MainTabBarController.swift */ = {isa = PBXFileReference; lastKnownFileType = sourcecode.swift; path = MainTabBarController.swift; sourceTree = "<group>"; };
		E9B46FC9285A1C23008F0615 /* NotificationViewController.swift */ = {isa = PBXFileReference; lastKnownFileType = sourcecode.swift; path = NotificationViewController.swift; sourceTree = "<group>"; };
		E9B46FCB285A1C35008F0615 /* SellingViewController.swift */ = {isa = PBXFileReference; lastKnownFileType = sourcecode.swift; path = SellingViewController.swift; sourceTree = "<group>"; };
		E9B46FCD285A1C40008F0615 /* SellingListViewController.swift */ = {isa = PBXFileReference; lastKnownFileType = sourcecode.swift; path = SellingListViewController.swift; sourceTree = "<group>"; };
		E9B46FCF285A1C4B008F0615 /* AccountViewController.swift */ = {isa = PBXFileReference; lastKnownFileType = sourcecode.swift; path = AccountViewController.swift; sourceTree = "<group>"; };
		E9B46FD3285A3354008F0615 /* String+Extensions.swift */ = {isa = PBXFileReference; lastKnownFileType = sourcecode.swift; path = "String+Extensions.swift"; sourceTree = "<group>"; };
		E9C1F3352858AC3900489969 /* SignInViewController.swift */ = {isa = PBXFileReference; lastKnownFileType = sourcecode.swift; path = SignInViewController.swift; sourceTree = "<group>"; };
		E9C1F3382858AC4C00489969 /* SignUpViewController.swift */ = {isa = PBXFileReference; lastKnownFileType = sourcecode.swift; path = SignUpViewController.swift; sourceTree = "<group>"; };
/* End PBXFileReference section */

/* Begin PBXFrameworksBuildPhase section */
		6E78117B28522ED600104FE1 /* Frameworks */ = {
			isa = PBXFrameworksBuildPhase;
			buildActionMask = 2147483647;
			files = (
				DDE4585FBA86630339325FCB /* Pods_SecondHand.framework in Frameworks */,
			);
			runOnlyForDeploymentPostprocessing = 0;
		};
/* End PBXFrameworksBuildPhase section */

/* Begin PBXGroup section */
		38940C6A2859EAC9000DD541 /* Home */ = {
			isa = PBXGroup;
			children = (
				38940C6B2859EAD7000DD541 /* HomeViewController.swift */,
				38940C782859EC6D000DD541 /* CollectionViewCell */,
				38940C772859EC55000DD541 /* TableViewCell */,
				38940C7C285A2C60000DD541 /* HomeSearchViewController.swift */,
			);
			path = Home;
			sourceTree = "<group>";
		};
		38940C772859EC55000DD541 /* TableViewCell */ = {
			isa = PBXGroup;
			children = (
				38940C712859EB44000DD541 /* HomeProductCell.swift */,
				38940C6D2859EB08000DD541 /* HomeHeaderCell.swift */,
			);
			path = TableViewCell;
			sourceTree = "<group>";
		};
		38940C782859EC6D000DD541 /* CollectionViewCell */ = {
			isa = PBXGroup;
			children = (
				38940C6F2859EB2F000DD541 /* CategorySelectorCollectionCell.swift */,
				38940C732859EB5B000DD541 /* HomeProductCollectionCell.swift */,
			);
			path = CollectionViewCell;
			sourceTree = "<group>";
		};
		38AB06D728588CEE0006342E /* Fonts */ = {
			isa = PBXGroup;
			children = (
				38AB06D928588D030006342E /* Poppins-Bold.ttf */,
				38AB06DA28588D030006342E /* Poppins-Light.ttf */,
				38AB06D828588D030006342E /* Poppins-Regular.ttf */,
				38AB06DB28588D030006342E /* Poppins-SemiBold.ttf */,
				38BC0E8F28597E4D00AB4281 /* Poppins-Medium.ttf */,
			);
			path = Fonts;
			sourceTree = "<group>";
		};
		38AB06E228588DEF0006342E /* Extensions */ = {
			isa = PBXGroup;
			children = (
				38AB06D528588CB60006342E /* UIColor+Extension.swift */,
				38BC0E8D28597E3400AB4281 /* UILabel+Extension.swift */,
				E95E27222859B01C0090A5CC /* UIView+Extensions.swift */,
				38940C752859EB79000DD541 /* UICollectionView+Extension.swift */,
				E9B46FD3285A3354008F0615 /* String+Extensions.swift */,
				7BCE01B2285C188400FF94BA /* UIImageView+Extensions.swift */,
			);
			path = Extensions;
			sourceTree = "<group>";
		};
		6E78117528522ED600104FE1 = {
			isa = PBXGroup;
			children = (
				6E78118028522ED600104FE1 /* SecondHand */,
				6E78117F28522ED600104FE1 /* Products */,
				73CD4F178E2CACD6E67F1789 /* Pods */,
				7560E02AC5D1F806DA0DF47E /* Frameworks */,
			);
			sourceTree = "<group>";
		};
		6E78117F28522ED600104FE1 /* Products */ = {
			isa = PBXGroup;
			children = (
				6E78117E28522ED600104FE1 /* SecondHand.app */,
			);
			name = Products;
			sourceTree = "<group>";
		};
		6E78118028522ED600104FE1 /* SecondHand */ = {
			isa = PBXGroup;
			children = (
				E9C1F3322858ABC700489969 /* Presentation */,
				E9C1F3312858ABC200489969 /* Data */,
				E9C1F3302858ABB300489969 /* App */,
				38AB06E228588DEF0006342E /* Extensions */,
				38AB06D728588CEE0006342E /* Fonts */,
				6E78118D28522ED900104FE1 /* Assets.xcassets */,
				6E78118F28522ED900104FE1 /* LaunchScreen.storyboard */,
				6E78119228522ED900104FE1 /* Info.plist */,
			);
			path = SecondHand;
			sourceTree = "<group>";
		};
		73CD4F178E2CACD6E67F1789 /* Pods */ = {
			isa = PBXGroup;
			children = (
				E629055528C10A47A9646598 /* Pods-SecondHand.debug.xcconfig */,
				394850F0AC48B4276E986C7A /* Pods-SecondHand.release.xcconfig */,
			);
			path = Pods;
			sourceTree = "<group>";
		};
		7560E02AC5D1F806DA0DF47E /* Frameworks */ = {
			isa = PBXGroup;
			children = (
				2C9322B975302445342BB087 /* Pods_SecondHand.framework */,
			);
			name = Frameworks;
			sourceTree = "<group>";
		};
		7BCE01A8285A217D00FF94BA /* Account */ = {
			isa = PBXGroup;
			children = (
				7BCE01A9285A21B100FF94BA /* AccountInfoViewController.swift */,
			);
			path = Account;
			sourceTree = "<group>";
		};
		7BCE01AD285B5D3A00FF94BA /* Product Detail */ = {
			isa = PBXGroup;
			children = (
				7BCE01AE285B5D7D00FF94BA /* ProductDetailViewController.swift */,
			);
			path = "Product Detail";
			sourceTree = "<group>";
		};
		E9B46FC0285A1A01008F0615 /* SignIn */ = {
			isa = PBXGroup;
			children = (
				E9C1F3352858AC3900489969 /* SignInViewController.swift */,
			);
			path = SignIn;
			sourceTree = "<group>";
		};
		E9B46FC1285A1A06008F0615 /* SignUp */ = {
			isa = PBXGroup;
			children = (
				E9C1F3382858AC4C00489969 /* SignUpViewController.swift */,
			);
			path = SignUp;
			sourceTree = "<group>";
		};
		E9B46FC2285A1AFD008F0615 /* TabBar */ = {
			isa = PBXGroup;
			children = (
				E9B46FC3285A1B5E008F0615 /* MainTabBarController.swift */,
			);
			path = TabBar;
			sourceTree = "<group>";
		};
		E9B46FC5285A1B8B008F0615 /* Notification */ = {
			isa = PBXGroup;
			children = (
				E9B46FC9285A1C23008F0615 /* NotificationViewController.swift */,
			);
			path = Notification;
			sourceTree = "<group>";
		};
		E9B46FC6285A1BA9008F0615 /* Selling */ = {
			isa = PBXGroup;
			children = (
				E9B46FCB285A1C35008F0615 /* SellingViewController.swift */,
			);
			path = Selling;
			sourceTree = "<group>";
		};
		E9B46FC7285A1BC4008F0615 /* SellingList */ = {
			isa = PBXGroup;
			children = (
				E9B46FCD285A1C40008F0615 /* SellingListViewController.swift */,
			);
			path = SellingList;
			sourceTree = "<group>";
		};
		E9B46FC8285A1BDD008F0615 /* Account */ = {
			isa = PBXGroup;
			children = (
				E9B46FCF285A1C4B008F0615 /* AccountViewController.swift */,
			);
			path = Account;
			sourceTree = "<group>";
		};
		E9C1F3302858ABB300489969 /* App */ = {
			isa = PBXGroup;
			children = (
				6E78118128522ED600104FE1 /* AppDelegate.swift */,
				6E78118328522ED600104FE1 /* SceneDelegate.swift */,
			);
			path = App;
			sourceTree = "<group>";
		};
		E9C1F3312858ABC200489969 /* Data */ = {
			isa = PBXGroup;
			children = (
				6E78118A28522ED600104FE1 /* SecondHand.xcdatamodeld */,
				7BCE02252860671600FF94BA /* ListKotaIndonesia.swift */,
			);
			path = Data;
			sourceTree = "<group>";
		};
		E9C1F3322858ABC700489969 /* Presentation */ = {
			isa = PBXGroup;
			children = (
				E9B46FC8285A1BDD008F0615 /* Account */,
				E9B46FC7285A1BC4008F0615 /* SellingList */,
				E9B46FC6285A1BA9008F0615 /* Selling */,
				E9B46FC5285A1B8B008F0615 /* Notification */,
				E9B46FC2285A1AFD008F0615 /* TabBar */,
				E9B46FC1285A1A06008F0615 /* SignUp */,
				E9B46FC0285A1A01008F0615 /* SignIn */,
				7BCE01AD285B5D3A00FF94BA /* Product Detail */,
				7BCE01A8285A217D00FF94BA /* Account */,
				38940C6A2859EAC9000DD541 /* Home */,
				E9C1F3332858ABED00489969 /* Components */,
			);
			path = Presentation;
			sourceTree = "<group>";
		};
		E9C1F3332858ABED00489969 /* Components */ = {
			isa = PBXGroup;
			children = (
				38AB06E028588D5D0006342E /* SHButton.swift */,
				E95E27202859AEE30090A5CC /* SHTextfield.swift */,
				7BCE01AB285A4E2400FF94BA /* SHLongTextField.swift */,
				7BCE01B0285B614300FF94BA /* SHCustomTextFieldForm.swift */,
				7BCE022328605F3300FF94BA /* SHDropDownTextField.swift */,
			);
			path = Components;
			sourceTree = "<group>";
		};
/* End PBXGroup section */

/* Begin PBXNativeTarget section */
		6E78117D28522ED600104FE1 /* SecondHand */ = {
			isa = PBXNativeTarget;
			buildConfigurationList = 6E78119528522ED900104FE1 /* Build configuration list for PBXNativeTarget "SecondHand" */;
			buildPhases = (
				A05F4736BA5665D6E339743F /* [CP] Check Pods Manifest.lock */,
				6E78117A28522ED600104FE1 /* Sources */,
				6E78117B28522ED600104FE1 /* Frameworks */,
				6E78117C28522ED600104FE1 /* Resources */,
				8E681E98D19B416443A27BC4 /* [CP] Embed Pods Frameworks */,
			);
			buildRules = (
			);
			dependencies = (
			);
			name = SecondHand;
			productName = SecondHand;
			productReference = 6E78117E28522ED600104FE1 /* SecondHand.app */;
			productType = "com.apple.product-type.application";
		};
/* End PBXNativeTarget section */

/* Begin PBXProject section */
		6E78117628522ED600104FE1 /* Project object */ = {
			isa = PBXProject;
			attributes = {
				BuildIndependentTargetsInParallel = 1;
				LastSwiftUpdateCheck = 1320;
				LastUpgradeCheck = 1320;
				TargetAttributes = {
					6E78117D28522ED600104FE1 = {
						CreatedOnToolsVersion = 13.2.1;
					};
				};
			};
			buildConfigurationList = 6E78117928522ED600104FE1 /* Build configuration list for PBXProject "SecondHand" */;
			compatibilityVersion = "Xcode 13.0";
			developmentRegion = en;
			hasScannedForEncodings = 0;
			knownRegions = (
				en,
				Base,
			);
			mainGroup = 6E78117528522ED600104FE1;
			productRefGroup = 6E78117F28522ED600104FE1 /* Products */;
			projectDirPath = "";
			projectRoot = "";
			targets = (
				6E78117D28522ED600104FE1 /* SecondHand */,
			);
		};
/* End PBXProject section */

/* Begin PBXResourcesBuildPhase section */
		6E78117C28522ED600104FE1 /* Resources */ = {
			isa = PBXResourcesBuildPhase;
			buildActionMask = 2147483647;
			files = (
				38AB06DC28588D030006342E /* Poppins-Regular.ttf in Resources */,
				38BC0E9028597E4D00AB4281 /* Poppins-Medium.ttf in Resources */,
				38AB06DE28588D030006342E /* Poppins-Light.ttf in Resources */,
				6E78119128522ED900104FE1 /* LaunchScreen.storyboard in Resources */,
				38AB06DF28588D030006342E /* Poppins-SemiBold.ttf in Resources */,
				6E78118E28522ED900104FE1 /* Assets.xcassets in Resources */,
				38AB06DD28588D030006342E /* Poppins-Bold.ttf in Resources */,
			);
			runOnlyForDeploymentPostprocessing = 0;
		};
/* End PBXResourcesBuildPhase section */

/* Begin PBXShellScriptBuildPhase section */
		8E681E98D19B416443A27BC4 /* [CP] Embed Pods Frameworks */ = {
			isa = PBXShellScriptBuildPhase;
			buildActionMask = 2147483647;
			files = (
			);
			inputFileListPaths = (
				"${PODS_ROOT}/Target Support Files/Pods-SecondHand/Pods-SecondHand-frameworks-${CONFIGURATION}-input-files.xcfilelist",
			);
			name = "[CP] Embed Pods Frameworks";
			outputFileListPaths = (
				"${PODS_ROOT}/Target Support Files/Pods-SecondHand/Pods-SecondHand-frameworks-${CONFIGURATION}-output-files.xcfilelist",
			);
			runOnlyForDeploymentPostprocessing = 0;
			shellPath = /bin/sh;
			shellScript = "\"${PODS_ROOT}/Target Support Files/Pods-SecondHand/Pods-SecondHand-frameworks.sh\"\n";
			showEnvVarsInLog = 0;
		};
		A05F4736BA5665D6E339743F /* [CP] Check Pods Manifest.lock */ = {
			isa = PBXShellScriptBuildPhase;
			buildActionMask = 2147483647;
			files = (
			);
			inputFileListPaths = (
			);
			inputPaths = (
				"${PODS_PODFILE_DIR_PATH}/Podfile.lock",
				"${PODS_ROOT}/Manifest.lock",
			);
			name = "[CP] Check Pods Manifest.lock";
			outputFileListPaths = (
			);
			outputPaths = (
				"$(DERIVED_FILE_DIR)/Pods-SecondHand-checkManifestLockResult.txt",
			);
			runOnlyForDeploymentPostprocessing = 0;
			shellPath = /bin/sh;
			shellScript = "diff \"${PODS_PODFILE_DIR_PATH}/Podfile.lock\" \"${PODS_ROOT}/Manifest.lock\" > /dev/null\nif [ $? != 0 ] ; then\n    # print error to STDERR\n    echo \"error: The sandbox is not in sync with the Podfile.lock. Run 'pod install' or update your CocoaPods installation.\" >&2\n    exit 1\nfi\n# This output is used by Xcode 'outputs' to avoid re-running this script phase.\necho \"SUCCESS\" > \"${SCRIPT_OUTPUT_FILE_0}\"\n";
			showEnvVarsInLog = 0;
		};
/* End PBXShellScriptBuildPhase section */

/* Begin PBXSourcesBuildPhase section */
		6E78117A28522ED600104FE1 /* Sources */ = {
			isa = PBXSourcesBuildPhase;
			buildActionMask = 2147483647;
			files = (
				38940C742859EB5B000DD541 /* HomeProductCollectionCell.swift in Sources */,
				7BCE01B1285B614300FF94BA /* SHCustomTextFieldForm.swift in Sources */,
				7BCE01AC285A4E2400FF94BA /* SHLongTextField.swift in Sources */,
				7BCE02262860671600FF94BA /* ListKotaIndonesia.swift in Sources */,
				E9C1F3362858AC3900489969 /* SignInViewController.swift in Sources */,
				E9B46FD0285A1C4B008F0615 /* AccountViewController.swift in Sources */,
				38BC0E8E28597E3400AB4281 /* UILabel+Extension.swift in Sources */,
				E9C1F3392858AC4C00489969 /* SignUpViewController.swift in Sources */,
				7BCE022428605F3300FF94BA /* SHDropDownTextField.swift in Sources */,
				E95E27212859AEE30090A5CC /* SHTextfield.swift in Sources */,
				6E78118228522ED600104FE1 /* AppDelegate.swift in Sources */,
				38940C7D285A2C60000DD541 /* HomeSearchViewController.swift in Sources */,
				38AB06E128588D5D0006342E /* SHButton.swift in Sources */,
				7BCE01AA285A21B100FF94BA /* AccountInfoViewController.swift in Sources */,
				6E78118C28522ED600104FE1 /* SecondHand.xcdatamodeld in Sources */,
				6E78118428522ED600104FE1 /* SceneDelegate.swift in Sources */,
				38940C6E2859EB08000DD541 /* HomeHeaderCell.swift in Sources */,
				38AB06D628588CB60006342E /* UIColor+Extension.swift in Sources */,
				E9B46FD4285A3354008F0615 /* String+Extensions.swift in Sources */,
				E95E27232859B01C0090A5CC /* UIView+Extensions.swift in Sources */,
				7BCE01B3285C188400FF94BA /* UIImageView+Extensions.swift in Sources */,
				38940C702859EB2F000DD541 /* CategorySelectorCollectionCell.swift in Sources */,
				E9B46FCC285A1C35008F0615 /* SellingViewController.swift in Sources */,
				38940C6C2859EAD7000DD541 /* HomeViewController.swift in Sources */,
				E9B46FCE285A1C40008F0615 /* SellingListViewController.swift in Sources */,
				E9B46FCA285A1C23008F0615 /* NotificationViewController.swift in Sources */,
				7BCE01AF285B5D7D00FF94BA /* ProductDetailViewController.swift in Sources */,
				38940C722859EB44000DD541 /* HomeProductCell.swift in Sources */,
				38940C762859EB79000DD541 /* UICollectionView+Extension.swift in Sources */,
				E9B46FC4285A1B5E008F0615 /* MainTabBarController.swift in Sources */,
			);
			runOnlyForDeploymentPostprocessing = 0;
		};
/* End PBXSourcesBuildPhase section */

/* Begin PBXVariantGroup section */
		6E78118F28522ED900104FE1 /* LaunchScreen.storyboard */ = {
			isa = PBXVariantGroup;
			children = (
				6E78119028522ED900104FE1 /* Base */,
			);
			name = LaunchScreen.storyboard;
			sourceTree = "<group>";
		};
/* End PBXVariantGroup section */

/* Begin XCBuildConfiguration section */
		6E78119328522ED900104FE1 /* Debug */ = {
			isa = XCBuildConfiguration;
			buildSettings = {
				ALWAYS_SEARCH_USER_PATHS = NO;
				CLANG_ANALYZER_NONNULL = YES;
				CLANG_ANALYZER_NUMBER_OBJECT_CONVERSION = YES_AGGRESSIVE;
				CLANG_CXX_LANGUAGE_STANDARD = "gnu++17";
				CLANG_CXX_LIBRARY = "libc++";
				CLANG_ENABLE_MODULES = YES;
				CLANG_ENABLE_OBJC_ARC = YES;
				CLANG_ENABLE_OBJC_WEAK = YES;
				CLANG_WARN_BLOCK_CAPTURE_AUTORELEASING = YES;
				CLANG_WARN_BOOL_CONVERSION = YES;
				CLANG_WARN_COMMA = YES;
				CLANG_WARN_CONSTANT_CONVERSION = YES;
				CLANG_WARN_DEPRECATED_OBJC_IMPLEMENTATIONS = YES;
				CLANG_WARN_DIRECT_OBJC_ISA_USAGE = YES_ERROR;
				CLANG_WARN_DOCUMENTATION_COMMENTS = YES;
				CLANG_WARN_EMPTY_BODY = YES;
				CLANG_WARN_ENUM_CONVERSION = YES;
				CLANG_WARN_INFINITE_RECURSION = YES;
				CLANG_WARN_INT_CONVERSION = YES;
				CLANG_WARN_NON_LITERAL_NULL_CONVERSION = YES;
				CLANG_WARN_OBJC_IMPLICIT_RETAIN_SELF = YES;
				CLANG_WARN_OBJC_LITERAL_CONVERSION = YES;
				CLANG_WARN_OBJC_ROOT_CLASS = YES_ERROR;
				CLANG_WARN_QUOTED_INCLUDE_IN_FRAMEWORK_HEADER = YES;
				CLANG_WARN_RANGE_LOOP_ANALYSIS = YES;
				CLANG_WARN_STRICT_PROTOTYPES = YES;
				CLANG_WARN_SUSPICIOUS_MOVE = YES;
				CLANG_WARN_UNGUARDED_AVAILABILITY = YES_AGGRESSIVE;
				CLANG_WARN_UNREACHABLE_CODE = YES;
				CLANG_WARN__DUPLICATE_METHOD_MATCH = YES;
				COPY_PHASE_STRIP = NO;
				DEBUG_INFORMATION_FORMAT = dwarf;
				ENABLE_STRICT_OBJC_MSGSEND = YES;
				ENABLE_TESTABILITY = YES;
				GCC_C_LANGUAGE_STANDARD = gnu11;
				GCC_DYNAMIC_NO_PIC = NO;
				GCC_NO_COMMON_BLOCKS = YES;
				GCC_OPTIMIZATION_LEVEL = 0;
				GCC_PREPROCESSOR_DEFINITIONS = (
					"DEBUG=1",
					"$(inherited)",
				);
				GCC_WARN_64_TO_32_BIT_CONVERSION = YES;
				GCC_WARN_ABOUT_RETURN_TYPE = YES_ERROR;
				GCC_WARN_UNDECLARED_SELECTOR = YES;
				GCC_WARN_UNINITIALIZED_AUTOS = YES_AGGRESSIVE;
				GCC_WARN_UNUSED_FUNCTION = YES;
				GCC_WARN_UNUSED_VARIABLE = YES;
				IPHONEOS_DEPLOYMENT_TARGET = 15.2;
				MTL_ENABLE_DEBUG_INFO = INCLUDE_SOURCE;
				MTL_FAST_MATH = YES;
				ONLY_ACTIVE_ARCH = YES;
				SDKROOT = iphoneos;
				SWIFT_ACTIVE_COMPILATION_CONDITIONS = DEBUG;
				SWIFT_OPTIMIZATION_LEVEL = "-Onone";
			};
			name = Debug;
		};
		6E78119428522ED900104FE1 /* Release */ = {
			isa = XCBuildConfiguration;
			buildSettings = {
				ALWAYS_SEARCH_USER_PATHS = NO;
				CLANG_ANALYZER_NONNULL = YES;
				CLANG_ANALYZER_NUMBER_OBJECT_CONVERSION = YES_AGGRESSIVE;
				CLANG_CXX_LANGUAGE_STANDARD = "gnu++17";
				CLANG_CXX_LIBRARY = "libc++";
				CLANG_ENABLE_MODULES = YES;
				CLANG_ENABLE_OBJC_ARC = YES;
				CLANG_ENABLE_OBJC_WEAK = YES;
				CLANG_WARN_BLOCK_CAPTURE_AUTORELEASING = YES;
				CLANG_WARN_BOOL_CONVERSION = YES;
				CLANG_WARN_COMMA = YES;
				CLANG_WARN_CONSTANT_CONVERSION = YES;
				CLANG_WARN_DEPRECATED_OBJC_IMPLEMENTATIONS = YES;
				CLANG_WARN_DIRECT_OBJC_ISA_USAGE = YES_ERROR;
				CLANG_WARN_DOCUMENTATION_COMMENTS = YES;
				CLANG_WARN_EMPTY_BODY = YES;
				CLANG_WARN_ENUM_CONVERSION = YES;
				CLANG_WARN_INFINITE_RECURSION = YES;
				CLANG_WARN_INT_CONVERSION = YES;
				CLANG_WARN_NON_LITERAL_NULL_CONVERSION = YES;
				CLANG_WARN_OBJC_IMPLICIT_RETAIN_SELF = YES;
				CLANG_WARN_OBJC_LITERAL_CONVERSION = YES;
				CLANG_WARN_OBJC_ROOT_CLASS = YES_ERROR;
				CLANG_WARN_QUOTED_INCLUDE_IN_FRAMEWORK_HEADER = YES;
				CLANG_WARN_RANGE_LOOP_ANALYSIS = YES;
				CLANG_WARN_STRICT_PROTOTYPES = YES;
				CLANG_WARN_SUSPICIOUS_MOVE = YES;
				CLANG_WARN_UNGUARDED_AVAILABILITY = YES_AGGRESSIVE;
				CLANG_WARN_UNREACHABLE_CODE = YES;
				CLANG_WARN__DUPLICATE_METHOD_MATCH = YES;
				COPY_PHASE_STRIP = NO;
				DEBUG_INFORMATION_FORMAT = "dwarf-with-dsym";
				ENABLE_NS_ASSERTIONS = NO;
				ENABLE_STRICT_OBJC_MSGSEND = YES;
				GCC_C_LANGUAGE_STANDARD = gnu11;
				GCC_NO_COMMON_BLOCKS = YES;
				GCC_WARN_64_TO_32_BIT_CONVERSION = YES;
				GCC_WARN_ABOUT_RETURN_TYPE = YES_ERROR;
				GCC_WARN_UNDECLARED_SELECTOR = YES;
				GCC_WARN_UNINITIALIZED_AUTOS = YES_AGGRESSIVE;
				GCC_WARN_UNUSED_FUNCTION = YES;
				GCC_WARN_UNUSED_VARIABLE = YES;
				IPHONEOS_DEPLOYMENT_TARGET = 15.2;
				MTL_ENABLE_DEBUG_INFO = NO;
				MTL_FAST_MATH = YES;
				SDKROOT = iphoneos;
				SWIFT_COMPILATION_MODE = wholemodule;
				SWIFT_OPTIMIZATION_LEVEL = "-O";
				VALIDATE_PRODUCT = YES;
			};
			name = Release;
		};
		6E78119628522ED900104FE1 /* Debug */ = {
			isa = XCBuildConfiguration;
			baseConfigurationReference = E629055528C10A47A9646598 /* Pods-SecondHand.debug.xcconfig */;
			buildSettings = {
				ASSETCATALOG_COMPILER_APPICON_NAME = AppIcon;
				ASSETCATALOG_COMPILER_GLOBAL_ACCENT_COLOR_NAME = AccentColor;
				CODE_SIGN_STYLE = Automatic;
				CURRENT_PROJECT_VERSION = 1;
				DEVELOPMENT_TEAM = CA9KP7YRD3;
				GENERATE_INFOPLIST_FILE = YES;
				INFOPLIST_FILE = SecondHand/Info.plist;
				INFOPLIST_KEY_UIApplicationSupportsIndirectInputEvents = YES;
				INFOPLIST_KEY_UILaunchStoryboardName = LaunchScreen;
				INFOPLIST_KEY_UISupportedInterfaceOrientations_iPad = "UIInterfaceOrientationPortrait UIInterfaceOrientationPortraitUpsideDown UIInterfaceOrientationLandscapeLeft UIInterfaceOrientationLandscapeRight";
				INFOPLIST_KEY_UISupportedInterfaceOrientations_iPhone = "UIInterfaceOrientationPortrait UIInterfaceOrientationLandscapeLeft UIInterfaceOrientationLandscapeRight";
				LD_RUNPATH_SEARCH_PATHS = (
					"$(inherited)",
					"@executable_path/Frameworks",
				);
				MARKETING_VERSION = 1.0;
				PRODUCT_BUNDLE_IDENTIFIER = com.Binar.SecondHand;
				PRODUCT_NAME = "$(TARGET_NAME)";
				SWIFT_EMIT_LOC_STRINGS = YES;
				SWIFT_VERSION = 5.0;
				TARGETED_DEVICE_FAMILY = "1,2";
			};
			name = Debug;
		};
		6E78119728522ED900104FE1 /* Release */ = {
			isa = XCBuildConfiguration;
			baseConfigurationReference = 394850F0AC48B4276E986C7A /* Pods-SecondHand.release.xcconfig */;
			buildSettings = {
				ASSETCATALOG_COMPILER_APPICON_NAME = AppIcon;
				ASSETCATALOG_COMPILER_GLOBAL_ACCENT_COLOR_NAME = AccentColor;
				CODE_SIGN_STYLE = Automatic;
				CURRENT_PROJECT_VERSION = 1;
				DEVELOPMENT_TEAM = CA9KP7YRD3;
				GENERATE_INFOPLIST_FILE = YES;
				INFOPLIST_FILE = SecondHand/Info.plist;
				INFOPLIST_KEY_UIApplicationSupportsIndirectInputEvents = YES;
				INFOPLIST_KEY_UILaunchStoryboardName = LaunchScreen;
				INFOPLIST_KEY_UISupportedInterfaceOrientations_iPad = "UIInterfaceOrientationPortrait UIInterfaceOrientationPortraitUpsideDown UIInterfaceOrientationLandscapeLeft UIInterfaceOrientationLandscapeRight";
				INFOPLIST_KEY_UISupportedInterfaceOrientations_iPhone = "UIInterfaceOrientationPortrait UIInterfaceOrientationLandscapeLeft UIInterfaceOrientationLandscapeRight";
				LD_RUNPATH_SEARCH_PATHS = (
					"$(inherited)",
					"@executable_path/Frameworks",
				);
				MARKETING_VERSION = 1.0;
				PRODUCT_BUNDLE_IDENTIFIER = com.Binar.SecondHand;
				PRODUCT_NAME = "$(TARGET_NAME)";
				SWIFT_EMIT_LOC_STRINGS = YES;
				SWIFT_VERSION = 5.0;
				TARGETED_DEVICE_FAMILY = "1,2";
			};
			name = Release;
		};
/* End XCBuildConfiguration section */

/* Begin XCConfigurationList section */
		6E78117928522ED600104FE1 /* Build configuration list for PBXProject "SecondHand" */ = {
			isa = XCConfigurationList;
			buildConfigurations = (
				6E78119328522ED900104FE1 /* Debug */,
				6E78119428522ED900104FE1 /* Release */,
			);
			defaultConfigurationIsVisible = 0;
			defaultConfigurationName = Release;
		};
		6E78119528522ED900104FE1 /* Build configuration list for PBXNativeTarget "SecondHand" */ = {
			isa = XCConfigurationList;
			buildConfigurations = (
				6E78119628522ED900104FE1 /* Debug */,
				6E78119728522ED900104FE1 /* Release */,
			);
			defaultConfigurationIsVisible = 0;
			defaultConfigurationName = Release;
		};
/* End XCConfigurationList section */

/* Begin XCVersionGroup section */
		6E78118A28522ED600104FE1 /* SecondHand.xcdatamodeld */ = {
			isa = XCVersionGroup;
			children = (
				6E78118B28522ED600104FE1 /* SecondHand.xcdatamodel */,
			);
			currentVersion = 6E78118B28522ED600104FE1 /* SecondHand.xcdatamodel */;
			path = SecondHand.xcdatamodeld;
			sourceTree = "<group>";
			versionGroupType = wrapper.xcdatamodel;
		};
/* End XCVersionGroup section */
	};
	rootObject = 6E78117628522ED600104FE1 /* Project object */;
}
